
Microsoft Visual Studio Solution File, Format Version 12.00
# Visual Studio Version 16
VisualStudioVersion = 16.0.28729.10
MinimumVisualStudioVersion = 10.0.40219.1
Project("{2150E333-8FDC-42A3-9474-1A3956D46DE8}") = "Presentation", "Presentation", "{390E3448-9B3A-43BB-923D-C9C1D881EC31}"
EndProject
Project("{FAE04EC0-301F-11D3-BF4B-00C04F79EFBC}") = "Presentation.Host.Old", "Presentation\Host\Presentation.Host.Old.csproj", "{CEE973D5-3804-40BF-89DC-F3E48DA3FFFC}"
EndProject
Project("{FAE04EC0-301F-11D3-BF4B-00C04F79EFBC}") = "Presentation.Common.Old", "Presentation\Common\Presentation.Common.Old.csproj", "{A0372765-88F6-4A19-92CC-28A99F5BA595}"
EndProject
Project("{2150E333-8FDC-42A3-9474-1A3956D46DE8}") = "Shared", "Shared", "{8BE08E03-381C-4884-B74B-41AF4F891A1F}"
EndProject
Project("{2150E333-8FDC-42A3-9474-1A3956D46DE8}") = "Infrastructure Services", "Infrastructure Services", "{8442F88C-BC35-4DFA-8E34-BC8339FF3060}"
EndProject
Project("{FAE04EC0-301F-11D3-BF4B-00C04F79EFBC}") = "Infrastructure.Identity.Contracts", "Infrastructure Services\Contracts\Infrastructure.Identity.Contracts.csproj", "{90967AAF-8D70-4D93-A440-404CD26DEF13}"
EndProject
Project("{2150E333-8FDC-42A3-9474-1A3956D46DE8}") = "Business", "Business", "{4BC389D6-1925-4456-9C5A-1EA82A45A470}"
EndProject
Project("{FAE04EC0-301F-11D3-BF4B-00C04F79EFBC}") = "Business.Contracts", "Business\Contracts\Business.Contracts.csproj", "{19C7F70A-9DAA-48B6-A2A8-5E148CD1D3EF}"
EndProject
Project("{2150E333-8FDC-42A3-9474-1A3956D46DE8}") = "Data", "Data", "{8709075B-9984-4430-B262-37C1EE9CF291}"
EndProject
Project("{FAE04EC0-301F-11D3-BF4B-00C04F79EFBC}") = "Infrastructure.Identity.Services", "Infrastructure Services\Identity\Infrastructure.Identity.Services.csproj", "{F45E225F-FD9F-4187-89C3-DA59E4367843}"
EndProject
Project("{FAE04EC0-301F-11D3-BF4B-00C04F79EFBC}") = "Data.Contracts", "Data\Contracts\Data.Contracts.csproj", "{5335FE49-6C25-4FE4-8099-46165F35EFFE}"
EndProject
Project("{FAE04EC0-301F-11D3-BF4B-00C04F79EFBC}") = "Data.Services", "Data\Services\Data.Services.csproj", "{99EC1CFC-276B-4CD4-B144-F8F464D97CAC}"
EndProject
Project("{2150E333-8FDC-42A3-9474-1A3956D46DE8}") = "Tests", "Tests", "{3CB5D019-AC72-4C4F-91FC-E1E34071AC21}"
EndProject
Project("{FAE04EC0-301F-11D3-BF4B-00C04F79EFBC}") = "Data.Services.Tests", "Tests\Data.Services.Tests\Data.Services.Tests.csproj", "{4F831BEA-4988-4101-A097-F70651A87D32}"
EndProject
Project("{FAE04EC0-301F-11D3-BF4B-00C04F79EFBC}") = "Shared.Framework", "Shared\Framework\Shared.Framework.csproj", "{B7A55646-BEE7-43B5-8690-4E7F5CCB4205}"
EndProject
Project("{FAE04EC0-301F-11D3-BF4B-00C04F79EFBC}") = "Business.Services", "Business\Services\Business.Services.csproj", "{547B6531-5439-4BDF-B3EE-9660BD02786D}"
EndProject
Project("{9A19103F-16F7-4668-BE54-9A1E7A4F7556}") = "Infrastructure.API.Synthesizer", "Infrastructure Services\Synthesizer\Infrastructure.API.Synthesizer.csproj", "{AF1F3ED4-B005-43DA-AEE6-C028EE34D643}"
EndProject
Project("{FAE04EC0-301F-11D3-BF4B-00C04F79EFBC}") = "Infrastructure.WebJobs", "Infrastructure Services\WebJobs\Infrastructure.WebJobs.csproj", "{C744BCA2-92AF-4FC1-A805-87547217E9C4}"
EndProject
Project("{2150E333-8FDC-42A3-9474-1A3956D46DE8}") = "Mobile", "Mobile", "{9288B046-ED19-463D-BAEF-DDEA15180A99}"
EndProject
Project("{FAE04EC0-301F-11D3-BF4B-00C04F79EFBC}") = "Mobile.Android", "Presentation\Mobile\Mobile.Android\Mobile.Android.csproj", "{1C31B15A-5789-4FA3-9CF6-28EF4EB5D18D}"
EndProject
Project("{FAE04EC0-301F-11D3-BF4B-00C04F79EFBC}") = "Mobile", "Presentation\Mobile\Mobile\Mobile.csproj", "{0D2A1BAC-34B6-4DA6-A77C-DFB956C7C23A}"
EndProject
Project("{FAE04EC0-301F-11D3-BF4B-00C04F79EFBC}") = "Mobile.iOS", "Presentation\Mobile\Mobile.iOS\Mobile.iOS.csproj", "{35ADD251-5A38-48B1-9C87-9E3F2B97B8B5}"
EndProject
Project("{9A19103F-16F7-4668-BE54-9A1E7A4F7556}") = "Shared.DTO", "Shared\DTO\Shared.DTO.csproj", "{9C247926-2D2B-446D-8338-9DB15331F775}"
EndProject
Project("{9A19103F-16F7-4668-BE54-9A1E7A4F7556}") = "Shared.Resources", "Shared\Resources\Shared.Resources.csproj", "{48FFD3CB-990A-4C3C-8826-B510445351E4}"
EndProject
Project("{FAE04EC0-301F-11D3-BF4B-00C04F79EFBC}") = "Mobile.Backend", "Presentation\Mobile\Backend\Mobile.Backend.csproj", "{457A8CC9-D325-46FF-BAB3-79253D14F7CC}"
EndProject
Project("{9A19103F-16F7-4668-BE54-9A1E7A4F7556}") = "Shared.Enum", "Shared\Enum\Shared.Enum.csproj", "{7019053E-F940-47C1-BF25-7E7E78B340E0}"
EndProject
Project("{2150E333-8FDC-42A3-9474-1A3956D46DE8}") = "Web", "Web", "{266AC3A5-3644-45EB-86DE-45A55804E57C}"
EndProject
Project("{9A19103F-16F7-4668-BE54-9A1E7A4F7556}") = "Presentation.Host", "Presentation\Web\Presentation.Host\Presentation.Host.csproj", "{D066CDA2-440B-4C1F-BCC4-2479242ED356}"
EndProject
Project("{9A19103F-16F7-4668-BE54-9A1E7A4F7556}") = "Presentation.Common", "Presentation\Web\Presentation.Common\Presentation.Common.csproj", "{84B3A983-6003-4D68-9924-CBB117E84171}"
EndProject
Project("{9A19103F-16F7-4668-BE54-9A1E7A4F7556}") = "Data.Common.Contracts", "Data\Data.Common.Contracts\Data.Common.Contracts.csproj", "{F40D6197-CC47-40E6-93A6-DD5677BBD3E6}"
EndProject
Project("{9A19103F-16F7-4668-BE54-9A1E7A4F7556}") = "Data.Common.Services", "Data\Data.Common.Services\Data.Common.Services.csproj", "{BC627573-DE96-42B8-A116-6362478D7DA9}"
EndProject
Project("{9A19103F-16F7-4668-BE54-9A1E7A4F7556}") = "Data.Ecommerce.Contracts", "Data\Data.Ecommerce.Contracts\Data.Ecommerce.Contracts.csproj", "{CFDFA81F-4AF7-492F-9E33-C58CF0E5C617}"
EndProject
Project("{9A19103F-16F7-4668-BE54-9A1E7A4F7556}") = "Data.Ecommerce.Services", "Data\Data.Ecommerce.Services\Data.Ecommerce.Services.csproj", "{836F6924-1855-494E-ACDE-3D4113DDF434}"
EndProject
Project("{9A19103F-16F7-4668-BE54-9A1E7A4F7556}") = "Data.Common.Services.Tests", "Tests\Data\Data.Common.Services.Tests\Data.Common.Services.Tests.csproj", "{D0E66F4A-EF02-4ED1-8B26-E47C7D24F890}"
EndProject
Project("{9A19103F-16F7-4668-BE54-9A1E7A4F7556}") = "Data.Ecommerce.Services.Tests", "Tests\Data\Data.Ecommerce.Services.Tests\Data.Ecommerce.Services.Tests.csproj", "{FC9963F8-D7F2-4B4E-87E5-20E49CFD82E7}"
EndProject
Project("{9A19103F-16F7-4668-BE54-9A1E7A4F7556}") = "Data.Migrations.All", "Data\Data.Migrations.All\Data.Migrations.All.csproj", "{9763E368-789A-42E0-94A4-D16F871DA3CB}"
EndProject
Project("{FAE04EC0-301F-11D3-BF4B-00C04F79EFBC}") = "Business.Identity.Contracts", "Business\Business.Identity.Contracts\Business.Identity.Contracts.csproj", "{29C116AF-1572-4BB9-AB2C-65309DB9DADA}"
EndProject
Project("{FAE04EC0-301F-11D3-BF4B-00C04F79EFBC}") = "Business.Identity.Services", "Business\Business.Identity.Services\Business.Identity.Services.csproj", "{0D7B5BF2-1495-4EAD-A296-F27ECED0F536}"
EndProject
Global
	GlobalSection(SolutionConfigurationPlatforms) = preSolution
		Ad-Hoc|Any CPU = Ad-Hoc|Any CPU
		Ad-Hoc|iPhone = Ad-Hoc|iPhone
		Ad-Hoc|iPhoneSimulator = Ad-Hoc|iPhoneSimulator
		AppStore|Any CPU = AppStore|Any CPU
		AppStore|iPhone = AppStore|iPhone
		AppStore|iPhoneSimulator = AppStore|iPhoneSimulator
		Debug|Any CPU = Debug|Any CPU
		Debug|iPhone = Debug|iPhone
		Debug|iPhoneSimulator = Debug|iPhoneSimulator
		Release|Any CPU = Release|Any CPU
		Release|iPhone = Release|iPhone
		Release|iPhoneSimulator = Release|iPhoneSimulator
	EndGlobalSection
	GlobalSection(ProjectConfigurationPlatforms) = postSolution
		{CEE973D5-3804-40BF-89DC-F3E48DA3FFFC}.Ad-Hoc|Any CPU.ActiveCfg = Release|Any CPU
		{CEE973D5-3804-40BF-89DC-F3E48DA3FFFC}.Ad-Hoc|Any CPU.Build.0 = Release|Any CPU
		{CEE973D5-3804-40BF-89DC-F3E48DA3FFFC}.Ad-Hoc|iPhone.ActiveCfg = Release|Any CPU
		{CEE973D5-3804-40BF-89DC-F3E48DA3FFFC}.Ad-Hoc|iPhone.Build.0 = Release|Any CPU
		{CEE973D5-3804-40BF-89DC-F3E48DA3FFFC}.Ad-Hoc|iPhoneSimulator.ActiveCfg = Release|Any CPU
		{CEE973D5-3804-40BF-89DC-F3E48DA3FFFC}.Ad-Hoc|iPhoneSimulator.Build.0 = Release|Any CPU
		{CEE973D5-3804-40BF-89DC-F3E48DA3FFFC}.AppStore|Any CPU.ActiveCfg = Release|Any CPU
		{CEE973D5-3804-40BF-89DC-F3E48DA3FFFC}.AppStore|Any CPU.Build.0 = Release|Any CPU
		{CEE973D5-3804-40BF-89DC-F3E48DA3FFFC}.AppStore|iPhone.ActiveCfg = Release|Any CPU
		{CEE973D5-3804-40BF-89DC-F3E48DA3FFFC}.AppStore|iPhone.Build.0 = Release|Any CPU
		{CEE973D5-3804-40BF-89DC-F3E48DA3FFFC}.AppStore|iPhoneSimulator.ActiveCfg = Release|Any CPU
		{CEE973D5-3804-40BF-89DC-F3E48DA3FFFC}.AppStore|iPhoneSimulator.Build.0 = Release|Any CPU
		{CEE973D5-3804-40BF-89DC-F3E48DA3FFFC}.Debug|Any CPU.ActiveCfg = Debug|Any CPU
		{CEE973D5-3804-40BF-89DC-F3E48DA3FFFC}.Debug|Any CPU.Build.0 = Debug|Any CPU
		{CEE973D5-3804-40BF-89DC-F3E48DA3FFFC}.Debug|iPhone.ActiveCfg = Debug|Any CPU
		{CEE973D5-3804-40BF-89DC-F3E48DA3FFFC}.Debug|iPhone.Build.0 = Debug|Any CPU
		{CEE973D5-3804-40BF-89DC-F3E48DA3FFFC}.Debug|iPhoneSimulator.ActiveCfg = Debug|Any CPU
		{CEE973D5-3804-40BF-89DC-F3E48DA3FFFC}.Debug|iPhoneSimulator.Build.0 = Debug|Any CPU
		{CEE973D5-3804-40BF-89DC-F3E48DA3FFFC}.Release|Any CPU.ActiveCfg = Release|Any CPU
		{CEE973D5-3804-40BF-89DC-F3E48DA3FFFC}.Release|Any CPU.Build.0 = Release|Any CPU
		{CEE973D5-3804-40BF-89DC-F3E48DA3FFFC}.Release|iPhone.ActiveCfg = Release|Any CPU
		{CEE973D5-3804-40BF-89DC-F3E48DA3FFFC}.Release|iPhone.Build.0 = Release|Any CPU
		{CEE973D5-3804-40BF-89DC-F3E48DA3FFFC}.Release|iPhoneSimulator.ActiveCfg = Release|Any CPU
		{CEE973D5-3804-40BF-89DC-F3E48DA3FFFC}.Release|iPhoneSimulator.Build.0 = Release|Any CPU
		{A0372765-88F6-4A19-92CC-28A99F5BA595}.Ad-Hoc|Any CPU.ActiveCfg = Release|Any CPU
		{A0372765-88F6-4A19-92CC-28A99F5BA595}.Ad-Hoc|Any CPU.Build.0 = Release|Any CPU
		{A0372765-88F6-4A19-92CC-28A99F5BA595}.Ad-Hoc|iPhone.ActiveCfg = Release|Any CPU
		{A0372765-88F6-4A19-92CC-28A99F5BA595}.Ad-Hoc|iPhone.Build.0 = Release|Any CPU
		{A0372765-88F6-4A19-92CC-28A99F5BA595}.Ad-Hoc|iPhoneSimulator.ActiveCfg = Release|Any CPU
		{A0372765-88F6-4A19-92CC-28A99F5BA595}.Ad-Hoc|iPhoneSimulator.Build.0 = Release|Any CPU
		{A0372765-88F6-4A19-92CC-28A99F5BA595}.AppStore|Any CPU.ActiveCfg = Release|Any CPU
		{A0372765-88F6-4A19-92CC-28A99F5BA595}.AppStore|Any CPU.Build.0 = Release|Any CPU
		{A0372765-88F6-4A19-92CC-28A99F5BA595}.AppStore|iPhone.ActiveCfg = Release|Any CPU
		{A0372765-88F6-4A19-92CC-28A99F5BA595}.AppStore|iPhone.Build.0 = Release|Any CPU
		{A0372765-88F6-4A19-92CC-28A99F5BA595}.AppStore|iPhoneSimulator.ActiveCfg = Release|Any CPU
		{A0372765-88F6-4A19-92CC-28A99F5BA595}.AppStore|iPhoneSimulator.Build.0 = Release|Any CPU
		{A0372765-88F6-4A19-92CC-28A99F5BA595}.Debug|Any CPU.ActiveCfg = Debug|Any CPU
		{A0372765-88F6-4A19-92CC-28A99F5BA595}.Debug|Any CPU.Build.0 = Debug|Any CPU
		{A0372765-88F6-4A19-92CC-28A99F5BA595}.Debug|iPhone.ActiveCfg = Debug|Any CPU
		{A0372765-88F6-4A19-92CC-28A99F5BA595}.Debug|iPhone.Build.0 = Debug|Any CPU
		{A0372765-88F6-4A19-92CC-28A99F5BA595}.Debug|iPhoneSimulator.ActiveCfg = Debug|Any CPU
		{A0372765-88F6-4A19-92CC-28A99F5BA595}.Debug|iPhoneSimulator.Build.0 = Debug|Any CPU
		{A0372765-88F6-4A19-92CC-28A99F5BA595}.Release|Any CPU.ActiveCfg = Release|Any CPU
		{A0372765-88F6-4A19-92CC-28A99F5BA595}.Release|Any CPU.Build.0 = Release|Any CPU
		{A0372765-88F6-4A19-92CC-28A99F5BA595}.Release|iPhone.ActiveCfg = Release|Any CPU
		{A0372765-88F6-4A19-92CC-28A99F5BA595}.Release|iPhone.Build.0 = Release|Any CPU
		{A0372765-88F6-4A19-92CC-28A99F5BA595}.Release|iPhoneSimulator.ActiveCfg = Release|Any CPU
		{A0372765-88F6-4A19-92CC-28A99F5BA595}.Release|iPhoneSimulator.Build.0 = Release|Any CPU
		{90967AAF-8D70-4D93-A440-404CD26DEF13}.Ad-Hoc|Any CPU.ActiveCfg = Release|Any CPU
		{90967AAF-8D70-4D93-A440-404CD26DEF13}.Ad-Hoc|Any CPU.Build.0 = Release|Any CPU
		{90967AAF-8D70-4D93-A440-404CD26DEF13}.Ad-Hoc|iPhone.ActiveCfg = Release|Any CPU
		{90967AAF-8D70-4D93-A440-404CD26DEF13}.Ad-Hoc|iPhone.Build.0 = Release|Any CPU
		{90967AAF-8D70-4D93-A440-404CD26DEF13}.Ad-Hoc|iPhoneSimulator.ActiveCfg = Release|Any CPU
		{90967AAF-8D70-4D93-A440-404CD26DEF13}.Ad-Hoc|iPhoneSimulator.Build.0 = Release|Any CPU
		{90967AAF-8D70-4D93-A440-404CD26DEF13}.AppStore|Any CPU.ActiveCfg = Release|Any CPU
		{90967AAF-8D70-4D93-A440-404CD26DEF13}.AppStore|Any CPU.Build.0 = Release|Any CPU
		{90967AAF-8D70-4D93-A440-404CD26DEF13}.AppStore|iPhone.ActiveCfg = Release|Any CPU
		{90967AAF-8D70-4D93-A440-404CD26DEF13}.AppStore|iPhone.Build.0 = Release|Any CPU
		{90967AAF-8D70-4D93-A440-404CD26DEF13}.AppStore|iPhoneSimulator.ActiveCfg = Release|Any CPU
		{90967AAF-8D70-4D93-A440-404CD26DEF13}.AppStore|iPhoneSimulator.Build.0 = Release|Any CPU
		{90967AAF-8D70-4D93-A440-404CD26DEF13}.Debug|Any CPU.ActiveCfg = Debug|Any CPU
		{90967AAF-8D70-4D93-A440-404CD26DEF13}.Debug|Any CPU.Build.0 = Debug|Any CPU
		{90967AAF-8D70-4D93-A440-404CD26DEF13}.Debug|iPhone.ActiveCfg = Debug|Any CPU
		{90967AAF-8D70-4D93-A440-404CD26DEF13}.Debug|iPhone.Build.0 = Debug|Any CPU
		{90967AAF-8D70-4D93-A440-404CD26DEF13}.Debug|iPhoneSimulator.ActiveCfg = Debug|Any CPU
		{90967AAF-8D70-4D93-A440-404CD26DEF13}.Debug|iPhoneSimulator.Build.0 = Debug|Any CPU
		{90967AAF-8D70-4D93-A440-404CD26DEF13}.Release|Any CPU.ActiveCfg = Release|Any CPU
		{90967AAF-8D70-4D93-A440-404CD26DEF13}.Release|Any CPU.Build.0 = Release|Any CPU
		{90967AAF-8D70-4D93-A440-404CD26DEF13}.Release|iPhone.ActiveCfg = Release|Any CPU
		{90967AAF-8D70-4D93-A440-404CD26DEF13}.Release|iPhone.Build.0 = Release|Any CPU
		{90967AAF-8D70-4D93-A440-404CD26DEF13}.Release|iPhoneSimulator.ActiveCfg = Release|Any CPU
		{90967AAF-8D70-4D93-A440-404CD26DEF13}.Release|iPhoneSimulator.Build.0 = Release|Any CPU
		{19C7F70A-9DAA-48B6-A2A8-5E148CD1D3EF}.Ad-Hoc|Any CPU.ActiveCfg = Release|Any CPU
		{19C7F70A-9DAA-48B6-A2A8-5E148CD1D3EF}.Ad-Hoc|Any CPU.Build.0 = Release|Any CPU
		{19C7F70A-9DAA-48B6-A2A8-5E148CD1D3EF}.Ad-Hoc|iPhone.ActiveCfg = Release|Any CPU
		{19C7F70A-9DAA-48B6-A2A8-5E148CD1D3EF}.Ad-Hoc|iPhone.Build.0 = Release|Any CPU
		{19C7F70A-9DAA-48B6-A2A8-5E148CD1D3EF}.Ad-Hoc|iPhoneSimulator.ActiveCfg = Release|Any CPU
		{19C7F70A-9DAA-48B6-A2A8-5E148CD1D3EF}.Ad-Hoc|iPhoneSimulator.Build.0 = Release|Any CPU
		{19C7F70A-9DAA-48B6-A2A8-5E148CD1D3EF}.AppStore|Any CPU.ActiveCfg = Release|Any CPU
		{19C7F70A-9DAA-48B6-A2A8-5E148CD1D3EF}.AppStore|Any CPU.Build.0 = Release|Any CPU
		{19C7F70A-9DAA-48B6-A2A8-5E148CD1D3EF}.AppStore|iPhone.ActiveCfg = Release|Any CPU
		{19C7F70A-9DAA-48B6-A2A8-5E148CD1D3EF}.AppStore|iPhone.Build.0 = Release|Any CPU
		{19C7F70A-9DAA-48B6-A2A8-5E148CD1D3EF}.AppStore|iPhoneSimulator.ActiveCfg = Release|Any CPU
		{19C7F70A-9DAA-48B6-A2A8-5E148CD1D3EF}.AppStore|iPhoneSimulator.Build.0 = Release|Any CPU
		{19C7F70A-9DAA-48B6-A2A8-5E148CD1D3EF}.Debug|Any CPU.ActiveCfg = Debug|Any CPU
		{19C7F70A-9DAA-48B6-A2A8-5E148CD1D3EF}.Debug|Any CPU.Build.0 = Debug|Any CPU
		{19C7F70A-9DAA-48B6-A2A8-5E148CD1D3EF}.Debug|iPhone.ActiveCfg = Debug|Any CPU
		{19C7F70A-9DAA-48B6-A2A8-5E148CD1D3EF}.Debug|iPhone.Build.0 = Debug|Any CPU
		{19C7F70A-9DAA-48B6-A2A8-5E148CD1D3EF}.Debug|iPhoneSimulator.ActiveCfg = Debug|Any CPU
		{19C7F70A-9DAA-48B6-A2A8-5E148CD1D3EF}.Debug|iPhoneSimulator.Build.0 = Debug|Any CPU
		{19C7F70A-9DAA-48B6-A2A8-5E148CD1D3EF}.Release|Any CPU.ActiveCfg = Release|Any CPU
		{19C7F70A-9DAA-48B6-A2A8-5E148CD1D3EF}.Release|Any CPU.Build.0 = Release|Any CPU
		{19C7F70A-9DAA-48B6-A2A8-5E148CD1D3EF}.Release|iPhone.ActiveCfg = Release|Any CPU
		{19C7F70A-9DAA-48B6-A2A8-5E148CD1D3EF}.Release|iPhone.Build.0 = Release|Any CPU
		{19C7F70A-9DAA-48B6-A2A8-5E148CD1D3EF}.Release|iPhoneSimulator.ActiveCfg = Release|Any CPU
		{19C7F70A-9DAA-48B6-A2A8-5E148CD1D3EF}.Release|iPhoneSimulator.Build.0 = Release|Any CPU
		{F45E225F-FD9F-4187-89C3-DA59E4367843}.Ad-Hoc|Any CPU.ActiveCfg = Release|Any CPU
		{F45E225F-FD9F-4187-89C3-DA59E4367843}.Ad-Hoc|Any CPU.Build.0 = Release|Any CPU
		{F45E225F-FD9F-4187-89C3-DA59E4367843}.Ad-Hoc|iPhone.ActiveCfg = Release|Any CPU
		{F45E225F-FD9F-4187-89C3-DA59E4367843}.Ad-Hoc|iPhone.Build.0 = Release|Any CPU
		{F45E225F-FD9F-4187-89C3-DA59E4367843}.Ad-Hoc|iPhoneSimulator.ActiveCfg = Release|Any CPU
		{F45E225F-FD9F-4187-89C3-DA59E4367843}.Ad-Hoc|iPhoneSimulator.Build.0 = Release|Any CPU
		{F45E225F-FD9F-4187-89C3-DA59E4367843}.AppStore|Any CPU.ActiveCfg = Release|Any CPU
		{F45E225F-FD9F-4187-89C3-DA59E4367843}.AppStore|Any CPU.Build.0 = Release|Any CPU
		{F45E225F-FD9F-4187-89C3-DA59E4367843}.AppStore|iPhone.ActiveCfg = Release|Any CPU
		{F45E225F-FD9F-4187-89C3-DA59E4367843}.AppStore|iPhone.Build.0 = Release|Any CPU
		{F45E225F-FD9F-4187-89C3-DA59E4367843}.AppStore|iPhoneSimulator.ActiveCfg = Release|Any CPU
		{F45E225F-FD9F-4187-89C3-DA59E4367843}.AppStore|iPhoneSimulator.Build.0 = Release|Any CPU
		{F45E225F-FD9F-4187-89C3-DA59E4367843}.Debug|Any CPU.ActiveCfg = Debug|Any CPU
		{F45E225F-FD9F-4187-89C3-DA59E4367843}.Debug|Any CPU.Build.0 = Debug|Any CPU
		{F45E225F-FD9F-4187-89C3-DA59E4367843}.Debug|iPhone.ActiveCfg = Debug|Any CPU
		{F45E225F-FD9F-4187-89C3-DA59E4367843}.Debug|iPhone.Build.0 = Debug|Any CPU
		{F45E225F-FD9F-4187-89C3-DA59E4367843}.Debug|iPhoneSimulator.ActiveCfg = Debug|Any CPU
		{F45E225F-FD9F-4187-89C3-DA59E4367843}.Debug|iPhoneSimulator.Build.0 = Debug|Any CPU
		{F45E225F-FD9F-4187-89C3-DA59E4367843}.Release|Any CPU.ActiveCfg = Release|Any CPU
		{F45E225F-FD9F-4187-89C3-DA59E4367843}.Release|Any CPU.Build.0 = Release|Any CPU
		{F45E225F-FD9F-4187-89C3-DA59E4367843}.Release|iPhone.ActiveCfg = Release|Any CPU
		{F45E225F-FD9F-4187-89C3-DA59E4367843}.Release|iPhone.Build.0 = Release|Any CPU
		{F45E225F-FD9F-4187-89C3-DA59E4367843}.Release|iPhoneSimulator.ActiveCfg = Release|Any CPU
		{F45E225F-FD9F-4187-89C3-DA59E4367843}.Release|iPhoneSimulator.Build.0 = Release|Any CPU
		{5335FE49-6C25-4FE4-8099-46165F35EFFE}.Ad-Hoc|Any CPU.ActiveCfg = Release|Any CPU
		{5335FE49-6C25-4FE4-8099-46165F35EFFE}.Ad-Hoc|Any CPU.Build.0 = Release|Any CPU
		{5335FE49-6C25-4FE4-8099-46165F35EFFE}.Ad-Hoc|iPhone.ActiveCfg = Release|Any CPU
		{5335FE49-6C25-4FE4-8099-46165F35EFFE}.Ad-Hoc|iPhone.Build.0 = Release|Any CPU
		{5335FE49-6C25-4FE4-8099-46165F35EFFE}.Ad-Hoc|iPhoneSimulator.ActiveCfg = Release|Any CPU
		{5335FE49-6C25-4FE4-8099-46165F35EFFE}.Ad-Hoc|iPhoneSimulator.Build.0 = Release|Any CPU
		{5335FE49-6C25-4FE4-8099-46165F35EFFE}.AppStore|Any CPU.ActiveCfg = Release|Any CPU
		{5335FE49-6C25-4FE4-8099-46165F35EFFE}.AppStore|Any CPU.Build.0 = Release|Any CPU
		{5335FE49-6C25-4FE4-8099-46165F35EFFE}.AppStore|iPhone.ActiveCfg = Release|Any CPU
		{5335FE49-6C25-4FE4-8099-46165F35EFFE}.AppStore|iPhone.Build.0 = Release|Any CPU
		{5335FE49-6C25-4FE4-8099-46165F35EFFE}.AppStore|iPhoneSimulator.ActiveCfg = Release|Any CPU
		{5335FE49-6C25-4FE4-8099-46165F35EFFE}.AppStore|iPhoneSimulator.Build.0 = Release|Any CPU
		{5335FE49-6C25-4FE4-8099-46165F35EFFE}.Debug|Any CPU.ActiveCfg = Debug|Any CPU
		{5335FE49-6C25-4FE4-8099-46165F35EFFE}.Debug|Any CPU.Build.0 = Debug|Any CPU
		{5335FE49-6C25-4FE4-8099-46165F35EFFE}.Debug|iPhone.ActiveCfg = Debug|Any CPU
		{5335FE49-6C25-4FE4-8099-46165F35EFFE}.Debug|iPhone.Build.0 = Debug|Any CPU
		{5335FE49-6C25-4FE4-8099-46165F35EFFE}.Debug|iPhoneSimulator.ActiveCfg = Debug|Any CPU
		{5335FE49-6C25-4FE4-8099-46165F35EFFE}.Debug|iPhoneSimulator.Build.0 = Debug|Any CPU
		{5335FE49-6C25-4FE4-8099-46165F35EFFE}.Release|Any CPU.ActiveCfg = Release|Any CPU
		{5335FE49-6C25-4FE4-8099-46165F35EFFE}.Release|Any CPU.Build.0 = Release|Any CPU
		{5335FE49-6C25-4FE4-8099-46165F35EFFE}.Release|iPhone.ActiveCfg = Release|Any CPU
		{5335FE49-6C25-4FE4-8099-46165F35EFFE}.Release|iPhone.Build.0 = Release|Any CPU
		{5335FE49-6C25-4FE4-8099-46165F35EFFE}.Release|iPhoneSimulator.ActiveCfg = Release|Any CPU
		{5335FE49-6C25-4FE4-8099-46165F35EFFE}.Release|iPhoneSimulator.Build.0 = Release|Any CPU
		{99EC1CFC-276B-4CD4-B144-F8F464D97CAC}.Ad-Hoc|Any CPU.ActiveCfg = Release|Any CPU
		{99EC1CFC-276B-4CD4-B144-F8F464D97CAC}.Ad-Hoc|Any CPU.Build.0 = Release|Any CPU
		{99EC1CFC-276B-4CD4-B144-F8F464D97CAC}.Ad-Hoc|iPhone.ActiveCfg = Release|Any CPU
		{99EC1CFC-276B-4CD4-B144-F8F464D97CAC}.Ad-Hoc|iPhone.Build.0 = Release|Any CPU
		{99EC1CFC-276B-4CD4-B144-F8F464D97CAC}.Ad-Hoc|iPhoneSimulator.ActiveCfg = Release|Any CPU
		{99EC1CFC-276B-4CD4-B144-F8F464D97CAC}.Ad-Hoc|iPhoneSimulator.Build.0 = Release|Any CPU
		{99EC1CFC-276B-4CD4-B144-F8F464D97CAC}.AppStore|Any CPU.ActiveCfg = Release|Any CPU
		{99EC1CFC-276B-4CD4-B144-F8F464D97CAC}.AppStore|Any CPU.Build.0 = Release|Any CPU
		{99EC1CFC-276B-4CD4-B144-F8F464D97CAC}.AppStore|iPhone.ActiveCfg = Release|Any CPU
		{99EC1CFC-276B-4CD4-B144-F8F464D97CAC}.AppStore|iPhone.Build.0 = Release|Any CPU
		{99EC1CFC-276B-4CD4-B144-F8F464D97CAC}.AppStore|iPhoneSimulator.ActiveCfg = Release|Any CPU
		{99EC1CFC-276B-4CD4-B144-F8F464D97CAC}.AppStore|iPhoneSimulator.Build.0 = Release|Any CPU
		{99EC1CFC-276B-4CD4-B144-F8F464D97CAC}.Debug|Any CPU.ActiveCfg = Debug|Any CPU
		{99EC1CFC-276B-4CD4-B144-F8F464D97CAC}.Debug|Any CPU.Build.0 = Debug|Any CPU
		{99EC1CFC-276B-4CD4-B144-F8F464D97CAC}.Debug|iPhone.ActiveCfg = Debug|Any CPU
		{99EC1CFC-276B-4CD4-B144-F8F464D97CAC}.Debug|iPhone.Build.0 = Debug|Any CPU
		{99EC1CFC-276B-4CD4-B144-F8F464D97CAC}.Debug|iPhoneSimulator.ActiveCfg = Debug|Any CPU
		{99EC1CFC-276B-4CD4-B144-F8F464D97CAC}.Debug|iPhoneSimulator.Build.0 = Debug|Any CPU
		{99EC1CFC-276B-4CD4-B144-F8F464D97CAC}.Release|Any CPU.ActiveCfg = Release|Any CPU
		{99EC1CFC-276B-4CD4-B144-F8F464D97CAC}.Release|Any CPU.Build.0 = Release|Any CPU
		{99EC1CFC-276B-4CD4-B144-F8F464D97CAC}.Release|iPhone.ActiveCfg = Release|Any CPU
		{99EC1CFC-276B-4CD4-B144-F8F464D97CAC}.Release|iPhone.Build.0 = Release|Any CPU
		{99EC1CFC-276B-4CD4-B144-F8F464D97CAC}.Release|iPhoneSimulator.ActiveCfg = Release|Any CPU
		{99EC1CFC-276B-4CD4-B144-F8F464D97CAC}.Release|iPhoneSimulator.Build.0 = Release|Any CPU
		{4F831BEA-4988-4101-A097-F70651A87D32}.Ad-Hoc|Any CPU.ActiveCfg = Release|Any CPU
		{4F831BEA-4988-4101-A097-F70651A87D32}.Ad-Hoc|Any CPU.Build.0 = Release|Any CPU
		{4F831BEA-4988-4101-A097-F70651A87D32}.Ad-Hoc|iPhone.ActiveCfg = Release|Any CPU
		{4F831BEA-4988-4101-A097-F70651A87D32}.Ad-Hoc|iPhone.Build.0 = Release|Any CPU
		{4F831BEA-4988-4101-A097-F70651A87D32}.Ad-Hoc|iPhoneSimulator.ActiveCfg = Release|Any CPU
		{4F831BEA-4988-4101-A097-F70651A87D32}.Ad-Hoc|iPhoneSimulator.Build.0 = Release|Any CPU
		{4F831BEA-4988-4101-A097-F70651A87D32}.AppStore|Any CPU.ActiveCfg = Release|Any CPU
		{4F831BEA-4988-4101-A097-F70651A87D32}.AppStore|Any CPU.Build.0 = Release|Any CPU
		{4F831BEA-4988-4101-A097-F70651A87D32}.AppStore|iPhone.ActiveCfg = Release|Any CPU
		{4F831BEA-4988-4101-A097-F70651A87D32}.AppStore|iPhone.Build.0 = Release|Any CPU
		{4F831BEA-4988-4101-A097-F70651A87D32}.AppStore|iPhoneSimulator.ActiveCfg = Release|Any CPU
		{4F831BEA-4988-4101-A097-F70651A87D32}.AppStore|iPhoneSimulator.Build.0 = Release|Any CPU
		{4F831BEA-4988-4101-A097-F70651A87D32}.Debug|Any CPU.ActiveCfg = Debug|Any CPU
		{4F831BEA-4988-4101-A097-F70651A87D32}.Debug|Any CPU.Build.0 = Debug|Any CPU
		{4F831BEA-4988-4101-A097-F70651A87D32}.Debug|iPhone.ActiveCfg = Debug|Any CPU
		{4F831BEA-4988-4101-A097-F70651A87D32}.Debug|iPhone.Build.0 = Debug|Any CPU
		{4F831BEA-4988-4101-A097-F70651A87D32}.Debug|iPhoneSimulator.ActiveCfg = Debug|Any CPU
		{4F831BEA-4988-4101-A097-F70651A87D32}.Debug|iPhoneSimulator.Build.0 = Debug|Any CPU
		{4F831BEA-4988-4101-A097-F70651A87D32}.Release|Any CPU.ActiveCfg = Release|Any CPU
		{4F831BEA-4988-4101-A097-F70651A87D32}.Release|Any CPU.Build.0 = Release|Any CPU
		{4F831BEA-4988-4101-A097-F70651A87D32}.Release|iPhone.ActiveCfg = Release|Any CPU
		{4F831BEA-4988-4101-A097-F70651A87D32}.Release|iPhone.Build.0 = Release|Any CPU
		{4F831BEA-4988-4101-A097-F70651A87D32}.Release|iPhoneSimulator.ActiveCfg = Release|Any CPU
		{4F831BEA-4988-4101-A097-F70651A87D32}.Release|iPhoneSimulator.Build.0 = Release|Any CPU
		{B7A55646-BEE7-43B5-8690-4E7F5CCB4205}.Ad-Hoc|Any CPU.ActiveCfg = Release|Any CPU
		{B7A55646-BEE7-43B5-8690-4E7F5CCB4205}.Ad-Hoc|Any CPU.Build.0 = Release|Any CPU
		{B7A55646-BEE7-43B5-8690-4E7F5CCB4205}.Ad-Hoc|iPhone.ActiveCfg = Release|Any CPU
		{B7A55646-BEE7-43B5-8690-4E7F5CCB4205}.Ad-Hoc|iPhone.Build.0 = Release|Any CPU
		{B7A55646-BEE7-43B5-8690-4E7F5CCB4205}.Ad-Hoc|iPhoneSimulator.ActiveCfg = Release|Any CPU
		{B7A55646-BEE7-43B5-8690-4E7F5CCB4205}.Ad-Hoc|iPhoneSimulator.Build.0 = Release|Any CPU
		{B7A55646-BEE7-43B5-8690-4E7F5CCB4205}.AppStore|Any CPU.ActiveCfg = Release|Any CPU
		{B7A55646-BEE7-43B5-8690-4E7F5CCB4205}.AppStore|Any CPU.Build.0 = Release|Any CPU
		{B7A55646-BEE7-43B5-8690-4E7F5CCB4205}.AppStore|iPhone.ActiveCfg = Release|Any CPU
		{B7A55646-BEE7-43B5-8690-4E7F5CCB4205}.AppStore|iPhone.Build.0 = Release|Any CPU
		{B7A55646-BEE7-43B5-8690-4E7F5CCB4205}.AppStore|iPhoneSimulator.ActiveCfg = Release|Any CPU
		{B7A55646-BEE7-43B5-8690-4E7F5CCB4205}.AppStore|iPhoneSimulator.Build.0 = Release|Any CPU
		{B7A55646-BEE7-43B5-8690-4E7F5CCB4205}.Debug|Any CPU.ActiveCfg = Debug|Any CPU
		{B7A55646-BEE7-43B5-8690-4E7F5CCB4205}.Debug|Any CPU.Build.0 = Debug|Any CPU
		{B7A55646-BEE7-43B5-8690-4E7F5CCB4205}.Debug|iPhone.ActiveCfg = Debug|Any CPU
		{B7A55646-BEE7-43B5-8690-4E7F5CCB4205}.Debug|iPhone.Build.0 = Debug|Any CPU
		{B7A55646-BEE7-43B5-8690-4E7F5CCB4205}.Debug|iPhoneSimulator.ActiveCfg = Debug|Any CPU
		{B7A55646-BEE7-43B5-8690-4E7F5CCB4205}.Debug|iPhoneSimulator.Build.0 = Debug|Any CPU
		{B7A55646-BEE7-43B5-8690-4E7F5CCB4205}.Release|Any CPU.ActiveCfg = Release|Any CPU
		{B7A55646-BEE7-43B5-8690-4E7F5CCB4205}.Release|Any CPU.Build.0 = Release|Any CPU
		{B7A55646-BEE7-43B5-8690-4E7F5CCB4205}.Release|iPhone.ActiveCfg = Release|Any CPU
		{B7A55646-BEE7-43B5-8690-4E7F5CCB4205}.Release|iPhone.Build.0 = Release|Any CPU
		{B7A55646-BEE7-43B5-8690-4E7F5CCB4205}.Release|iPhoneSimulator.ActiveCfg = Release|Any CPU
		{B7A55646-BEE7-43B5-8690-4E7F5CCB4205}.Release|iPhoneSimulator.Build.0 = Release|Any CPU
		{547B6531-5439-4BDF-B3EE-9660BD02786D}.Ad-Hoc|Any CPU.ActiveCfg = Release|Any CPU
		{547B6531-5439-4BDF-B3EE-9660BD02786D}.Ad-Hoc|Any CPU.Build.0 = Release|Any CPU
		{547B6531-5439-4BDF-B3EE-9660BD02786D}.Ad-Hoc|iPhone.ActiveCfg = Release|Any CPU
		{547B6531-5439-4BDF-B3EE-9660BD02786D}.Ad-Hoc|iPhone.Build.0 = Release|Any CPU
		{547B6531-5439-4BDF-B3EE-9660BD02786D}.Ad-Hoc|iPhoneSimulator.ActiveCfg = Release|Any CPU
		{547B6531-5439-4BDF-B3EE-9660BD02786D}.Ad-Hoc|iPhoneSimulator.Build.0 = Release|Any CPU
		{547B6531-5439-4BDF-B3EE-9660BD02786D}.AppStore|Any CPU.ActiveCfg = Release|Any CPU
		{547B6531-5439-4BDF-B3EE-9660BD02786D}.AppStore|Any CPU.Build.0 = Release|Any CPU
		{547B6531-5439-4BDF-B3EE-9660BD02786D}.AppStore|iPhone.ActiveCfg = Release|Any CPU
		{547B6531-5439-4BDF-B3EE-9660BD02786D}.AppStore|iPhone.Build.0 = Release|Any CPU
		{547B6531-5439-4BDF-B3EE-9660BD02786D}.AppStore|iPhoneSimulator.ActiveCfg = Release|Any CPU
		{547B6531-5439-4BDF-B3EE-9660BD02786D}.AppStore|iPhoneSimulator.Build.0 = Release|Any CPU
		{547B6531-5439-4BDF-B3EE-9660BD02786D}.Debug|Any CPU.ActiveCfg = Debug|Any CPU
		{547B6531-5439-4BDF-B3EE-9660BD02786D}.Debug|Any CPU.Build.0 = Debug|Any CPU
		{547B6531-5439-4BDF-B3EE-9660BD02786D}.Debug|iPhone.ActiveCfg = Debug|Any CPU
		{547B6531-5439-4BDF-B3EE-9660BD02786D}.Debug|iPhone.Build.0 = Debug|Any CPU
		{547B6531-5439-4BDF-B3EE-9660BD02786D}.Debug|iPhoneSimulator.ActiveCfg = Debug|Any CPU
		{547B6531-5439-4BDF-B3EE-9660BD02786D}.Debug|iPhoneSimulator.Build.0 = Debug|Any CPU
		{547B6531-5439-4BDF-B3EE-9660BD02786D}.Release|Any CPU.ActiveCfg = Release|Any CPU
		{547B6531-5439-4BDF-B3EE-9660BD02786D}.Release|Any CPU.Build.0 = Release|Any CPU
		{547B6531-5439-4BDF-B3EE-9660BD02786D}.Release|iPhone.ActiveCfg = Release|Any CPU
		{547B6531-5439-4BDF-B3EE-9660BD02786D}.Release|iPhone.Build.0 = Release|Any CPU
		{547B6531-5439-4BDF-B3EE-9660BD02786D}.Release|iPhoneSimulator.ActiveCfg = Release|Any CPU
		{547B6531-5439-4BDF-B3EE-9660BD02786D}.Release|iPhoneSimulator.Build.0 = Release|Any CPU
		{AF1F3ED4-B005-43DA-AEE6-C028EE34D643}.Ad-Hoc|Any CPU.ActiveCfg = Release|Any CPU
		{AF1F3ED4-B005-43DA-AEE6-C028EE34D643}.Ad-Hoc|Any CPU.Build.0 = Release|Any CPU
		{AF1F3ED4-B005-43DA-AEE6-C028EE34D643}.Ad-Hoc|iPhone.ActiveCfg = Release|Any CPU
		{AF1F3ED4-B005-43DA-AEE6-C028EE34D643}.Ad-Hoc|iPhone.Build.0 = Release|Any CPU
		{AF1F3ED4-B005-43DA-AEE6-C028EE34D643}.Ad-Hoc|iPhoneSimulator.ActiveCfg = Release|Any CPU
		{AF1F3ED4-B005-43DA-AEE6-C028EE34D643}.Ad-Hoc|iPhoneSimulator.Build.0 = Release|Any CPU
		{AF1F3ED4-B005-43DA-AEE6-C028EE34D643}.AppStore|Any CPU.ActiveCfg = Release|Any CPU
		{AF1F3ED4-B005-43DA-AEE6-C028EE34D643}.AppStore|Any CPU.Build.0 = Release|Any CPU
		{AF1F3ED4-B005-43DA-AEE6-C028EE34D643}.AppStore|iPhone.ActiveCfg = Release|Any CPU
		{AF1F3ED4-B005-43DA-AEE6-C028EE34D643}.AppStore|iPhone.Build.0 = Release|Any CPU
		{AF1F3ED4-B005-43DA-AEE6-C028EE34D643}.AppStore|iPhoneSimulator.ActiveCfg = Release|Any CPU
		{AF1F3ED4-B005-43DA-AEE6-C028EE34D643}.AppStore|iPhoneSimulator.Build.0 = Release|Any CPU
		{AF1F3ED4-B005-43DA-AEE6-C028EE34D643}.Debug|Any CPU.ActiveCfg = Debug|Any CPU
		{AF1F3ED4-B005-43DA-AEE6-C028EE34D643}.Debug|Any CPU.Build.0 = Debug|Any CPU
		{AF1F3ED4-B005-43DA-AEE6-C028EE34D643}.Debug|iPhone.ActiveCfg = Debug|Any CPU
		{AF1F3ED4-B005-43DA-AEE6-C028EE34D643}.Debug|iPhone.Build.0 = Debug|Any CPU
		{AF1F3ED4-B005-43DA-AEE6-C028EE34D643}.Debug|iPhoneSimulator.ActiveCfg = Debug|Any CPU
		{AF1F3ED4-B005-43DA-AEE6-C028EE34D643}.Debug|iPhoneSimulator.Build.0 = Debug|Any CPU
		{AF1F3ED4-B005-43DA-AEE6-C028EE34D643}.Release|Any CPU.ActiveCfg = Release|Any CPU
		{AF1F3ED4-B005-43DA-AEE6-C028EE34D643}.Release|Any CPU.Build.0 = Release|Any CPU
		{AF1F3ED4-B005-43DA-AEE6-C028EE34D643}.Release|iPhone.ActiveCfg = Release|Any CPU
		{AF1F3ED4-B005-43DA-AEE6-C028EE34D643}.Release|iPhone.Build.0 = Release|Any CPU
		{AF1F3ED4-B005-43DA-AEE6-C028EE34D643}.Release|iPhoneSimulator.ActiveCfg = Release|Any CPU
		{AF1F3ED4-B005-43DA-AEE6-C028EE34D643}.Release|iPhoneSimulator.Build.0 = Release|Any CPU
		{C744BCA2-92AF-4FC1-A805-87547217E9C4}.Ad-Hoc|Any CPU.ActiveCfg = Release|Any CPU
		{C744BCA2-92AF-4FC1-A805-87547217E9C4}.Ad-Hoc|Any CPU.Build.0 = Release|Any CPU
		{C744BCA2-92AF-4FC1-A805-87547217E9C4}.Ad-Hoc|iPhone.ActiveCfg = Release|Any CPU
		{C744BCA2-92AF-4FC1-A805-87547217E9C4}.Ad-Hoc|iPhone.Build.0 = Release|Any CPU
		{C744BCA2-92AF-4FC1-A805-87547217E9C4}.Ad-Hoc|iPhoneSimulator.ActiveCfg = Release|Any CPU
		{C744BCA2-92AF-4FC1-A805-87547217E9C4}.Ad-Hoc|iPhoneSimulator.Build.0 = Release|Any CPU
		{C744BCA2-92AF-4FC1-A805-87547217E9C4}.AppStore|Any CPU.ActiveCfg = Release|Any CPU
		{C744BCA2-92AF-4FC1-A805-87547217E9C4}.AppStore|Any CPU.Build.0 = Release|Any CPU
		{C744BCA2-92AF-4FC1-A805-87547217E9C4}.AppStore|iPhone.ActiveCfg = Release|Any CPU
		{C744BCA2-92AF-4FC1-A805-87547217E9C4}.AppStore|iPhone.Build.0 = Release|Any CPU
		{C744BCA2-92AF-4FC1-A805-87547217E9C4}.AppStore|iPhoneSimulator.ActiveCfg = Release|Any CPU
		{C744BCA2-92AF-4FC1-A805-87547217E9C4}.AppStore|iPhoneSimulator.Build.0 = Release|Any CPU
		{C744BCA2-92AF-4FC1-A805-87547217E9C4}.Debug|Any CPU.ActiveCfg = Debug|Any CPU
		{C744BCA2-92AF-4FC1-A805-87547217E9C4}.Debug|Any CPU.Build.0 = Debug|Any CPU
		{C744BCA2-92AF-4FC1-A805-87547217E9C4}.Debug|iPhone.ActiveCfg = Debug|Any CPU
		{C744BCA2-92AF-4FC1-A805-87547217E9C4}.Debug|iPhone.Build.0 = Debug|Any CPU
		{C744BCA2-92AF-4FC1-A805-87547217E9C4}.Debug|iPhoneSimulator.ActiveCfg = Debug|Any CPU
		{C744BCA2-92AF-4FC1-A805-87547217E9C4}.Debug|iPhoneSimulator.Build.0 = Debug|Any CPU
		{C744BCA2-92AF-4FC1-A805-87547217E9C4}.Release|Any CPU.ActiveCfg = Release|Any CPU
		{C744BCA2-92AF-4FC1-A805-87547217E9C4}.Release|Any CPU.Build.0 = Release|Any CPU
		{C744BCA2-92AF-4FC1-A805-87547217E9C4}.Release|iPhone.ActiveCfg = Release|Any CPU
		{C744BCA2-92AF-4FC1-A805-87547217E9C4}.Release|iPhone.Build.0 = Release|Any CPU
		{C744BCA2-92AF-4FC1-A805-87547217E9C4}.Release|iPhoneSimulator.ActiveCfg = Release|Any CPU
		{C744BCA2-92AF-4FC1-A805-87547217E9C4}.Release|iPhoneSimulator.Build.0 = Release|Any CPU
		{1C31B15A-5789-4FA3-9CF6-28EF4EB5D18D}.Ad-Hoc|Any CPU.ActiveCfg = Release|Any CPU
		{1C31B15A-5789-4FA3-9CF6-28EF4EB5D18D}.Ad-Hoc|Any CPU.Build.0 = Release|Any CPU
		{1C31B15A-5789-4FA3-9CF6-28EF4EB5D18D}.Ad-Hoc|Any CPU.Deploy.0 = Release|Any CPU
		{1C31B15A-5789-4FA3-9CF6-28EF4EB5D18D}.Ad-Hoc|iPhone.ActiveCfg = Release|Any CPU
		{1C31B15A-5789-4FA3-9CF6-28EF4EB5D18D}.Ad-Hoc|iPhone.Build.0 = Release|Any CPU
		{1C31B15A-5789-4FA3-9CF6-28EF4EB5D18D}.Ad-Hoc|iPhone.Deploy.0 = Release|Any CPU
		{1C31B15A-5789-4FA3-9CF6-28EF4EB5D18D}.Ad-Hoc|iPhoneSimulator.ActiveCfg = Release|Any CPU
		{1C31B15A-5789-4FA3-9CF6-28EF4EB5D18D}.Ad-Hoc|iPhoneSimulator.Build.0 = Release|Any CPU
		{1C31B15A-5789-4FA3-9CF6-28EF4EB5D18D}.Ad-Hoc|iPhoneSimulator.Deploy.0 = Release|Any CPU
		{1C31B15A-5789-4FA3-9CF6-28EF4EB5D18D}.AppStore|Any CPU.ActiveCfg = Release|Any CPU
		{1C31B15A-5789-4FA3-9CF6-28EF4EB5D18D}.AppStore|Any CPU.Build.0 = Release|Any CPU
		{1C31B15A-5789-4FA3-9CF6-28EF4EB5D18D}.AppStore|Any CPU.Deploy.0 = Release|Any CPU
		{1C31B15A-5789-4FA3-9CF6-28EF4EB5D18D}.AppStore|iPhone.ActiveCfg = Release|Any CPU
		{1C31B15A-5789-4FA3-9CF6-28EF4EB5D18D}.AppStore|iPhone.Build.0 = Release|Any CPU
		{1C31B15A-5789-4FA3-9CF6-28EF4EB5D18D}.AppStore|iPhone.Deploy.0 = Release|Any CPU
		{1C31B15A-5789-4FA3-9CF6-28EF4EB5D18D}.AppStore|iPhoneSimulator.ActiveCfg = Release|Any CPU
		{1C31B15A-5789-4FA3-9CF6-28EF4EB5D18D}.AppStore|iPhoneSimulator.Build.0 = Release|Any CPU
		{1C31B15A-5789-4FA3-9CF6-28EF4EB5D18D}.AppStore|iPhoneSimulator.Deploy.0 = Release|Any CPU
		{1C31B15A-5789-4FA3-9CF6-28EF4EB5D18D}.Debug|Any CPU.ActiveCfg = Debug|Any CPU
		{1C31B15A-5789-4FA3-9CF6-28EF4EB5D18D}.Debug|Any CPU.Build.0 = Debug|Any CPU
		{1C31B15A-5789-4FA3-9CF6-28EF4EB5D18D}.Debug|Any CPU.Deploy.0 = Debug|Any CPU
		{1C31B15A-5789-4FA3-9CF6-28EF4EB5D18D}.Debug|iPhone.ActiveCfg = Debug|Any CPU
		{1C31B15A-5789-4FA3-9CF6-28EF4EB5D18D}.Debug|iPhone.Build.0 = Debug|Any CPU
		{1C31B15A-5789-4FA3-9CF6-28EF4EB5D18D}.Debug|iPhone.Deploy.0 = Debug|Any CPU
		{1C31B15A-5789-4FA3-9CF6-28EF4EB5D18D}.Debug|iPhoneSimulator.ActiveCfg = Debug|Any CPU
		{1C31B15A-5789-4FA3-9CF6-28EF4EB5D18D}.Debug|iPhoneSimulator.Build.0 = Debug|Any CPU
		{1C31B15A-5789-4FA3-9CF6-28EF4EB5D18D}.Debug|iPhoneSimulator.Deploy.0 = Debug|Any CPU
		{1C31B15A-5789-4FA3-9CF6-28EF4EB5D18D}.Release|Any CPU.ActiveCfg = Release|Any CPU
		{1C31B15A-5789-4FA3-9CF6-28EF4EB5D18D}.Release|Any CPU.Build.0 = Release|Any CPU
		{1C31B15A-5789-4FA3-9CF6-28EF4EB5D18D}.Release|Any CPU.Deploy.0 = Release|Any CPU
		{1C31B15A-5789-4FA3-9CF6-28EF4EB5D18D}.Release|iPhone.ActiveCfg = Release|Any CPU
		{1C31B15A-5789-4FA3-9CF6-28EF4EB5D18D}.Release|iPhone.Build.0 = Release|Any CPU
		{1C31B15A-5789-4FA3-9CF6-28EF4EB5D18D}.Release|iPhone.Deploy.0 = Release|Any CPU
		{1C31B15A-5789-4FA3-9CF6-28EF4EB5D18D}.Release|iPhoneSimulator.ActiveCfg = Release|Any CPU
		{1C31B15A-5789-4FA3-9CF6-28EF4EB5D18D}.Release|iPhoneSimulator.Build.0 = Release|Any CPU
		{1C31B15A-5789-4FA3-9CF6-28EF4EB5D18D}.Release|iPhoneSimulator.Deploy.0 = Release|Any CPU
		{0D2A1BAC-34B6-4DA6-A77C-DFB956C7C23A}.Ad-Hoc|Any CPU.ActiveCfg = Release|Any CPU
		{0D2A1BAC-34B6-4DA6-A77C-DFB956C7C23A}.Ad-Hoc|Any CPU.Build.0 = Release|Any CPU
		{0D2A1BAC-34B6-4DA6-A77C-DFB956C7C23A}.Ad-Hoc|iPhone.ActiveCfg = Release|Any CPU
		{0D2A1BAC-34B6-4DA6-A77C-DFB956C7C23A}.Ad-Hoc|iPhone.Build.0 = Release|Any CPU
		{0D2A1BAC-34B6-4DA6-A77C-DFB956C7C23A}.Ad-Hoc|iPhoneSimulator.ActiveCfg = Release|Any CPU
		{0D2A1BAC-34B6-4DA6-A77C-DFB956C7C23A}.Ad-Hoc|iPhoneSimulator.Build.0 = Release|Any CPU
		{0D2A1BAC-34B6-4DA6-A77C-DFB956C7C23A}.AppStore|Any CPU.ActiveCfg = Release|Any CPU
		{0D2A1BAC-34B6-4DA6-A77C-DFB956C7C23A}.AppStore|Any CPU.Build.0 = Release|Any CPU
		{0D2A1BAC-34B6-4DA6-A77C-DFB956C7C23A}.AppStore|iPhone.ActiveCfg = Release|Any CPU
		{0D2A1BAC-34B6-4DA6-A77C-DFB956C7C23A}.AppStore|iPhone.Build.0 = Release|Any CPU
		{0D2A1BAC-34B6-4DA6-A77C-DFB956C7C23A}.AppStore|iPhoneSimulator.ActiveCfg = Release|Any CPU
		{0D2A1BAC-34B6-4DA6-A77C-DFB956C7C23A}.AppStore|iPhoneSimulator.Build.0 = Release|Any CPU
		{0D2A1BAC-34B6-4DA6-A77C-DFB956C7C23A}.Debug|Any CPU.ActiveCfg = Debug|Any CPU
		{0D2A1BAC-34B6-4DA6-A77C-DFB956C7C23A}.Debug|Any CPU.Build.0 = Debug|Any CPU
		{0D2A1BAC-34B6-4DA6-A77C-DFB956C7C23A}.Debug|iPhone.ActiveCfg = Debug|Any CPU
		{0D2A1BAC-34B6-4DA6-A77C-DFB956C7C23A}.Debug|iPhone.Build.0 = Debug|Any CPU
		{0D2A1BAC-34B6-4DA6-A77C-DFB956C7C23A}.Debug|iPhoneSimulator.ActiveCfg = Debug|Any CPU
		{0D2A1BAC-34B6-4DA6-A77C-DFB956C7C23A}.Debug|iPhoneSimulator.Build.0 = Debug|Any CPU
		{0D2A1BAC-34B6-4DA6-A77C-DFB956C7C23A}.Release|Any CPU.ActiveCfg = Release|Any CPU
		{0D2A1BAC-34B6-4DA6-A77C-DFB956C7C23A}.Release|Any CPU.Build.0 = Release|Any CPU
		{0D2A1BAC-34B6-4DA6-A77C-DFB956C7C23A}.Release|iPhone.ActiveCfg = Release|Any CPU
		{0D2A1BAC-34B6-4DA6-A77C-DFB956C7C23A}.Release|iPhone.Build.0 = Release|Any CPU
		{0D2A1BAC-34B6-4DA6-A77C-DFB956C7C23A}.Release|iPhoneSimulator.ActiveCfg = Release|Any CPU
		{0D2A1BAC-34B6-4DA6-A77C-DFB956C7C23A}.Release|iPhoneSimulator.Build.0 = Release|Any CPU
		{35ADD251-5A38-48B1-9C87-9E3F2B97B8B5}.Ad-Hoc|Any CPU.ActiveCfg = Ad-Hoc|iPhone
		{35ADD251-5A38-48B1-9C87-9E3F2B97B8B5}.Ad-Hoc|iPhone.ActiveCfg = Ad-Hoc|iPhone
		{35ADD251-5A38-48B1-9C87-9E3F2B97B8B5}.Ad-Hoc|iPhone.Build.0 = Ad-Hoc|iPhone
		{35ADD251-5A38-48B1-9C87-9E3F2B97B8B5}.Ad-Hoc|iPhoneSimulator.ActiveCfg = Ad-Hoc|iPhoneSimulator
		{35ADD251-5A38-48B1-9C87-9E3F2B97B8B5}.Ad-Hoc|iPhoneSimulator.Build.0 = Ad-Hoc|iPhoneSimulator
		{35ADD251-5A38-48B1-9C87-9E3F2B97B8B5}.AppStore|Any CPU.ActiveCfg = AppStore|iPhone
		{35ADD251-5A38-48B1-9C87-9E3F2B97B8B5}.AppStore|iPhone.ActiveCfg = AppStore|iPhone
		{35ADD251-5A38-48B1-9C87-9E3F2B97B8B5}.AppStore|iPhone.Build.0 = AppStore|iPhone
		{35ADD251-5A38-48B1-9C87-9E3F2B97B8B5}.AppStore|iPhoneSimulator.ActiveCfg = AppStore|iPhoneSimulator
		{35ADD251-5A38-48B1-9C87-9E3F2B97B8B5}.AppStore|iPhoneSimulator.Build.0 = AppStore|iPhoneSimulator
		{35ADD251-5A38-48B1-9C87-9E3F2B97B8B5}.Debug|Any CPU.ActiveCfg = Debug|iPhone
		{35ADD251-5A38-48B1-9C87-9E3F2B97B8B5}.Debug|iPhone.ActiveCfg = Debug|iPhone
		{35ADD251-5A38-48B1-9C87-9E3F2B97B8B5}.Debug|iPhone.Build.0 = Debug|iPhone
		{35ADD251-5A38-48B1-9C87-9E3F2B97B8B5}.Debug|iPhoneSimulator.ActiveCfg = Debug|iPhoneSimulator
		{35ADD251-5A38-48B1-9C87-9E3F2B97B8B5}.Debug|iPhoneSimulator.Build.0 = Debug|iPhoneSimulator
		{35ADD251-5A38-48B1-9C87-9E3F2B97B8B5}.Release|Any CPU.ActiveCfg = Release|iPhone
		{35ADD251-5A38-48B1-9C87-9E3F2B97B8B5}.Release|iPhone.ActiveCfg = Release|iPhone
		{35ADD251-5A38-48B1-9C87-9E3F2B97B8B5}.Release|iPhone.Build.0 = Release|iPhone
		{35ADD251-5A38-48B1-9C87-9E3F2B97B8B5}.Release|iPhoneSimulator.ActiveCfg = Release|iPhoneSimulator
		{35ADD251-5A38-48B1-9C87-9E3F2B97B8B5}.Release|iPhoneSimulator.Build.0 = Release|iPhoneSimulator
		{9C247926-2D2B-446D-8338-9DB15331F775}.Ad-Hoc|Any CPU.ActiveCfg = Release|Any CPU
		{9C247926-2D2B-446D-8338-9DB15331F775}.Ad-Hoc|Any CPU.Build.0 = Release|Any CPU
		{9C247926-2D2B-446D-8338-9DB15331F775}.Ad-Hoc|iPhone.ActiveCfg = Release|Any CPU
		{9C247926-2D2B-446D-8338-9DB15331F775}.Ad-Hoc|iPhone.Build.0 = Release|Any CPU
		{9C247926-2D2B-446D-8338-9DB15331F775}.Ad-Hoc|iPhoneSimulator.ActiveCfg = Release|Any CPU
		{9C247926-2D2B-446D-8338-9DB15331F775}.Ad-Hoc|iPhoneSimulator.Build.0 = Release|Any CPU
		{9C247926-2D2B-446D-8338-9DB15331F775}.AppStore|Any CPU.ActiveCfg = Release|Any CPU
		{9C247926-2D2B-446D-8338-9DB15331F775}.AppStore|Any CPU.Build.0 = Release|Any CPU
		{9C247926-2D2B-446D-8338-9DB15331F775}.AppStore|iPhone.ActiveCfg = Release|Any CPU
		{9C247926-2D2B-446D-8338-9DB15331F775}.AppStore|iPhone.Build.0 = Release|Any CPU
		{9C247926-2D2B-446D-8338-9DB15331F775}.AppStore|iPhoneSimulator.ActiveCfg = Release|Any CPU
		{9C247926-2D2B-446D-8338-9DB15331F775}.AppStore|iPhoneSimulator.Build.0 = Release|Any CPU
		{9C247926-2D2B-446D-8338-9DB15331F775}.Debug|Any CPU.ActiveCfg = Debug|Any CPU
		{9C247926-2D2B-446D-8338-9DB15331F775}.Debug|Any CPU.Build.0 = Debug|Any CPU
		{9C247926-2D2B-446D-8338-9DB15331F775}.Debug|iPhone.ActiveCfg = Debug|Any CPU
		{9C247926-2D2B-446D-8338-9DB15331F775}.Debug|iPhone.Build.0 = Debug|Any CPU
		{9C247926-2D2B-446D-8338-9DB15331F775}.Debug|iPhoneSimulator.ActiveCfg = Debug|Any CPU
		{9C247926-2D2B-446D-8338-9DB15331F775}.Debug|iPhoneSimulator.Build.0 = Debug|Any CPU
		{9C247926-2D2B-446D-8338-9DB15331F775}.Release|Any CPU.ActiveCfg = Release|Any CPU
		{9C247926-2D2B-446D-8338-9DB15331F775}.Release|Any CPU.Build.0 = Release|Any CPU
		{9C247926-2D2B-446D-8338-9DB15331F775}.Release|iPhone.ActiveCfg = Release|Any CPU
		{9C247926-2D2B-446D-8338-9DB15331F775}.Release|iPhone.Build.0 = Release|Any CPU
		{9C247926-2D2B-446D-8338-9DB15331F775}.Release|iPhoneSimulator.ActiveCfg = Release|Any CPU
		{9C247926-2D2B-446D-8338-9DB15331F775}.Release|iPhoneSimulator.Build.0 = Release|Any CPU
		{48FFD3CB-990A-4C3C-8826-B510445351E4}.Ad-Hoc|Any CPU.ActiveCfg = Release|Any CPU
		{48FFD3CB-990A-4C3C-8826-B510445351E4}.Ad-Hoc|Any CPU.Build.0 = Release|Any CPU
		{48FFD3CB-990A-4C3C-8826-B510445351E4}.Ad-Hoc|iPhone.ActiveCfg = Release|Any CPU
		{48FFD3CB-990A-4C3C-8826-B510445351E4}.Ad-Hoc|iPhone.Build.0 = Release|Any CPU
		{48FFD3CB-990A-4C3C-8826-B510445351E4}.Ad-Hoc|iPhoneSimulator.ActiveCfg = Release|Any CPU
		{48FFD3CB-990A-4C3C-8826-B510445351E4}.Ad-Hoc|iPhoneSimulator.Build.0 = Release|Any CPU
		{48FFD3CB-990A-4C3C-8826-B510445351E4}.AppStore|Any CPU.ActiveCfg = Release|Any CPU
		{48FFD3CB-990A-4C3C-8826-B510445351E4}.AppStore|Any CPU.Build.0 = Release|Any CPU
		{48FFD3CB-990A-4C3C-8826-B510445351E4}.AppStore|iPhone.ActiveCfg = Release|Any CPU
		{48FFD3CB-990A-4C3C-8826-B510445351E4}.AppStore|iPhone.Build.0 = Release|Any CPU
		{48FFD3CB-990A-4C3C-8826-B510445351E4}.AppStore|iPhoneSimulator.ActiveCfg = Release|Any CPU
		{48FFD3CB-990A-4C3C-8826-B510445351E4}.AppStore|iPhoneSimulator.Build.0 = Release|Any CPU
		{48FFD3CB-990A-4C3C-8826-B510445351E4}.Debug|Any CPU.ActiveCfg = Debug|Any CPU
		{48FFD3CB-990A-4C3C-8826-B510445351E4}.Debug|Any CPU.Build.0 = Debug|Any CPU
		{48FFD3CB-990A-4C3C-8826-B510445351E4}.Debug|iPhone.ActiveCfg = Debug|Any CPU
		{48FFD3CB-990A-4C3C-8826-B510445351E4}.Debug|iPhone.Build.0 = Debug|Any CPU
		{48FFD3CB-990A-4C3C-8826-B510445351E4}.Debug|iPhoneSimulator.ActiveCfg = Debug|Any CPU
		{48FFD3CB-990A-4C3C-8826-B510445351E4}.Debug|iPhoneSimulator.Build.0 = Debug|Any CPU
		{48FFD3CB-990A-4C3C-8826-B510445351E4}.Release|Any CPU.ActiveCfg = Release|Any CPU
		{48FFD3CB-990A-4C3C-8826-B510445351E4}.Release|Any CPU.Build.0 = Release|Any CPU
		{48FFD3CB-990A-4C3C-8826-B510445351E4}.Release|iPhone.ActiveCfg = Release|Any CPU
		{48FFD3CB-990A-4C3C-8826-B510445351E4}.Release|iPhone.Build.0 = Release|Any CPU
		{48FFD3CB-990A-4C3C-8826-B510445351E4}.Release|iPhoneSimulator.ActiveCfg = Release|Any CPU
		{48FFD3CB-990A-4C3C-8826-B510445351E4}.Release|iPhoneSimulator.Build.0 = Release|Any CPU
		{457A8CC9-D325-46FF-BAB3-79253D14F7CC}.Ad-Hoc|Any CPU.ActiveCfg = Release|Any CPU
		{457A8CC9-D325-46FF-BAB3-79253D14F7CC}.Ad-Hoc|Any CPU.Build.0 = Release|Any CPU
		{457A8CC9-D325-46FF-BAB3-79253D14F7CC}.Ad-Hoc|iPhone.ActiveCfg = Release|Any CPU
		{457A8CC9-D325-46FF-BAB3-79253D14F7CC}.Ad-Hoc|iPhone.Build.0 = Release|Any CPU
		{457A8CC9-D325-46FF-BAB3-79253D14F7CC}.Ad-Hoc|iPhoneSimulator.ActiveCfg = Release|Any CPU
		{457A8CC9-D325-46FF-BAB3-79253D14F7CC}.Ad-Hoc|iPhoneSimulator.Build.0 = Release|Any CPU
		{457A8CC9-D325-46FF-BAB3-79253D14F7CC}.AppStore|Any CPU.ActiveCfg = Release|Any CPU
		{457A8CC9-D325-46FF-BAB3-79253D14F7CC}.AppStore|Any CPU.Build.0 = Release|Any CPU
		{457A8CC9-D325-46FF-BAB3-79253D14F7CC}.AppStore|iPhone.ActiveCfg = Release|Any CPU
		{457A8CC9-D325-46FF-BAB3-79253D14F7CC}.AppStore|iPhone.Build.0 = Release|Any CPU
		{457A8CC9-D325-46FF-BAB3-79253D14F7CC}.AppStore|iPhoneSimulator.ActiveCfg = Release|Any CPU
		{457A8CC9-D325-46FF-BAB3-79253D14F7CC}.AppStore|iPhoneSimulator.Build.0 = Release|Any CPU
		{457A8CC9-D325-46FF-BAB3-79253D14F7CC}.Debug|Any CPU.ActiveCfg = Debug|Any CPU
		{457A8CC9-D325-46FF-BAB3-79253D14F7CC}.Debug|Any CPU.Build.0 = Debug|Any CPU
		{457A8CC9-D325-46FF-BAB3-79253D14F7CC}.Debug|iPhone.ActiveCfg = Debug|Any CPU
		{457A8CC9-D325-46FF-BAB3-79253D14F7CC}.Debug|iPhone.Build.0 = Debug|Any CPU
		{457A8CC9-D325-46FF-BAB3-79253D14F7CC}.Debug|iPhoneSimulator.ActiveCfg = Debug|Any CPU
		{457A8CC9-D325-46FF-BAB3-79253D14F7CC}.Debug|iPhoneSimulator.Build.0 = Debug|Any CPU
		{457A8CC9-D325-46FF-BAB3-79253D14F7CC}.Release|Any CPU.ActiveCfg = Release|Any CPU
		{457A8CC9-D325-46FF-BAB3-79253D14F7CC}.Release|Any CPU.Build.0 = Release|Any CPU
		{457A8CC9-D325-46FF-BAB3-79253D14F7CC}.Release|iPhone.ActiveCfg = Release|Any CPU
		{457A8CC9-D325-46FF-BAB3-79253D14F7CC}.Release|iPhone.Build.0 = Release|Any CPU
		{457A8CC9-D325-46FF-BAB3-79253D14F7CC}.Release|iPhoneSimulator.ActiveCfg = Release|Any CPU
		{457A8CC9-D325-46FF-BAB3-79253D14F7CC}.Release|iPhoneSimulator.Build.0 = Release|Any CPU
		{7019053E-F940-47C1-BF25-7E7E78B340E0}.Ad-Hoc|Any CPU.ActiveCfg = Release|Any CPU
		{7019053E-F940-47C1-BF25-7E7E78B340E0}.Ad-Hoc|Any CPU.Build.0 = Release|Any CPU
		{7019053E-F940-47C1-BF25-7E7E78B340E0}.Ad-Hoc|iPhone.ActiveCfg = Release|Any CPU
		{7019053E-F940-47C1-BF25-7E7E78B340E0}.Ad-Hoc|iPhone.Build.0 = Release|Any CPU
		{7019053E-F940-47C1-BF25-7E7E78B340E0}.Ad-Hoc|iPhoneSimulator.ActiveCfg = Release|Any CPU
		{7019053E-F940-47C1-BF25-7E7E78B340E0}.Ad-Hoc|iPhoneSimulator.Build.0 = Release|Any CPU
		{7019053E-F940-47C1-BF25-7E7E78B340E0}.AppStore|Any CPU.ActiveCfg = Release|Any CPU
		{7019053E-F940-47C1-BF25-7E7E78B340E0}.AppStore|Any CPU.Build.0 = Release|Any CPU
		{7019053E-F940-47C1-BF25-7E7E78B340E0}.AppStore|iPhone.ActiveCfg = Release|Any CPU
		{7019053E-F940-47C1-BF25-7E7E78B340E0}.AppStore|iPhone.Build.0 = Release|Any CPU
		{7019053E-F940-47C1-BF25-7E7E78B340E0}.AppStore|iPhoneSimulator.ActiveCfg = Release|Any CPU
		{7019053E-F940-47C1-BF25-7E7E78B340E0}.AppStore|iPhoneSimulator.Build.0 = Release|Any CPU
		{7019053E-F940-47C1-BF25-7E7E78B340E0}.Debug|Any CPU.ActiveCfg = Debug|Any CPU
		{7019053E-F940-47C1-BF25-7E7E78B340E0}.Debug|Any CPU.Build.0 = Debug|Any CPU
		{7019053E-F940-47C1-BF25-7E7E78B340E0}.Debug|iPhone.ActiveCfg = Debug|Any CPU
		{7019053E-F940-47C1-BF25-7E7E78B340E0}.Debug|iPhone.Build.0 = Debug|Any CPU
		{7019053E-F940-47C1-BF25-7E7E78B340E0}.Debug|iPhoneSimulator.ActiveCfg = Debug|Any CPU
		{7019053E-F940-47C1-BF25-7E7E78B340E0}.Debug|iPhoneSimulator.Build.0 = Debug|Any CPU
		{7019053E-F940-47C1-BF25-7E7E78B340E0}.Release|Any CPU.ActiveCfg = Release|Any CPU
		{7019053E-F940-47C1-BF25-7E7E78B340E0}.Release|Any CPU.Build.0 = Release|Any CPU
		{7019053E-F940-47C1-BF25-7E7E78B340E0}.Release|iPhone.ActiveCfg = Release|Any CPU
		{7019053E-F940-47C1-BF25-7E7E78B340E0}.Release|iPhone.Build.0 = Release|Any CPU
		{7019053E-F940-47C1-BF25-7E7E78B340E0}.Release|iPhoneSimulator.ActiveCfg = Release|Any CPU
		{7019053E-F940-47C1-BF25-7E7E78B340E0}.Release|iPhoneSimulator.Build.0 = Release|Any CPU
		{D066CDA2-440B-4C1F-BCC4-2479242ED356}.Ad-Hoc|Any CPU.ActiveCfg = Debug|Any CPU
		{D066CDA2-440B-4C1F-BCC4-2479242ED356}.Ad-Hoc|Any CPU.Build.0 = Debug|Any CPU
		{D066CDA2-440B-4C1F-BCC4-2479242ED356}.Ad-Hoc|iPhone.ActiveCfg = Debug|Any CPU
		{D066CDA2-440B-4C1F-BCC4-2479242ED356}.Ad-Hoc|iPhone.Build.0 = Debug|Any CPU
		{D066CDA2-440B-4C1F-BCC4-2479242ED356}.Ad-Hoc|iPhoneSimulator.ActiveCfg = Debug|Any CPU
		{D066CDA2-440B-4C1F-BCC4-2479242ED356}.Ad-Hoc|iPhoneSimulator.Build.0 = Debug|Any CPU
		{D066CDA2-440B-4C1F-BCC4-2479242ED356}.AppStore|Any CPU.ActiveCfg = Debug|Any CPU
		{D066CDA2-440B-4C1F-BCC4-2479242ED356}.AppStore|Any CPU.Build.0 = Debug|Any CPU
		{D066CDA2-440B-4C1F-BCC4-2479242ED356}.AppStore|iPhone.ActiveCfg = Debug|Any CPU
		{D066CDA2-440B-4C1F-BCC4-2479242ED356}.AppStore|iPhone.Build.0 = Debug|Any CPU
		{D066CDA2-440B-4C1F-BCC4-2479242ED356}.AppStore|iPhoneSimulator.ActiveCfg = Debug|Any CPU
		{D066CDA2-440B-4C1F-BCC4-2479242ED356}.AppStore|iPhoneSimulator.Build.0 = Debug|Any CPU
		{D066CDA2-440B-4C1F-BCC4-2479242ED356}.Debug|Any CPU.ActiveCfg = Debug|Any CPU
		{D066CDA2-440B-4C1F-BCC4-2479242ED356}.Debug|Any CPU.Build.0 = Debug|Any CPU
		{D066CDA2-440B-4C1F-BCC4-2479242ED356}.Debug|iPhone.ActiveCfg = Debug|Any CPU
		{D066CDA2-440B-4C1F-BCC4-2479242ED356}.Debug|iPhone.Build.0 = Debug|Any CPU
		{D066CDA2-440B-4C1F-BCC4-2479242ED356}.Debug|iPhoneSimulator.ActiveCfg = Debug|Any CPU
		{D066CDA2-440B-4C1F-BCC4-2479242ED356}.Debug|iPhoneSimulator.Build.0 = Debug|Any CPU
		{D066CDA2-440B-4C1F-BCC4-2479242ED356}.Release|Any CPU.ActiveCfg = Release|Any CPU
		{D066CDA2-440B-4C1F-BCC4-2479242ED356}.Release|Any CPU.Build.0 = Release|Any CPU
		{D066CDA2-440B-4C1F-BCC4-2479242ED356}.Release|iPhone.ActiveCfg = Release|Any CPU
		{D066CDA2-440B-4C1F-BCC4-2479242ED356}.Release|iPhone.Build.0 = Release|Any CPU
		{D066CDA2-440B-4C1F-BCC4-2479242ED356}.Release|iPhoneSimulator.ActiveCfg = Release|Any CPU
		{D066CDA2-440B-4C1F-BCC4-2479242ED356}.Release|iPhoneSimulator.Build.0 = Release|Any CPU
		{84B3A983-6003-4D68-9924-CBB117E84171}.Ad-Hoc|Any CPU.ActiveCfg = Debug|Any CPU
		{84B3A983-6003-4D68-9924-CBB117E84171}.Ad-Hoc|Any CPU.Build.0 = Debug|Any CPU
		{84B3A983-6003-4D68-9924-CBB117E84171}.Ad-Hoc|iPhone.ActiveCfg = Debug|Any CPU
		{84B3A983-6003-4D68-9924-CBB117E84171}.Ad-Hoc|iPhone.Build.0 = Debug|Any CPU
		{84B3A983-6003-4D68-9924-CBB117E84171}.Ad-Hoc|iPhoneSimulator.ActiveCfg = Debug|Any CPU
		{84B3A983-6003-4D68-9924-CBB117E84171}.Ad-Hoc|iPhoneSimulator.Build.0 = Debug|Any CPU
		{84B3A983-6003-4D68-9924-CBB117E84171}.AppStore|Any CPU.ActiveCfg = Debug|Any CPU
		{84B3A983-6003-4D68-9924-CBB117E84171}.AppStore|Any CPU.Build.0 = Debug|Any CPU
		{84B3A983-6003-4D68-9924-CBB117E84171}.AppStore|iPhone.ActiveCfg = Debug|Any CPU
		{84B3A983-6003-4D68-9924-CBB117E84171}.AppStore|iPhone.Build.0 = Debug|Any CPU
		{84B3A983-6003-4D68-9924-CBB117E84171}.AppStore|iPhoneSimulator.ActiveCfg = Debug|Any CPU
		{84B3A983-6003-4D68-9924-CBB117E84171}.AppStore|iPhoneSimulator.Build.0 = Debug|Any CPU
		{84B3A983-6003-4D68-9924-CBB117E84171}.Debug|Any CPU.ActiveCfg = Debug|Any CPU
		{84B3A983-6003-4D68-9924-CBB117E84171}.Debug|Any CPU.Build.0 = Debug|Any CPU
		{84B3A983-6003-4D68-9924-CBB117E84171}.Debug|iPhone.ActiveCfg = Debug|Any CPU
		{84B3A983-6003-4D68-9924-CBB117E84171}.Debug|iPhone.Build.0 = Debug|Any CPU
		{84B3A983-6003-4D68-9924-CBB117E84171}.Debug|iPhoneSimulator.ActiveCfg = Debug|Any CPU
		{84B3A983-6003-4D68-9924-CBB117E84171}.Debug|iPhoneSimulator.Build.0 = Debug|Any CPU
		{84B3A983-6003-4D68-9924-CBB117E84171}.Release|Any CPU.ActiveCfg = Release|Any CPU
		{84B3A983-6003-4D68-9924-CBB117E84171}.Release|Any CPU.Build.0 = Release|Any CPU
		{84B3A983-6003-4D68-9924-CBB117E84171}.Release|iPhone.ActiveCfg = Release|Any CPU
		{84B3A983-6003-4D68-9924-CBB117E84171}.Release|iPhone.Build.0 = Release|Any CPU
		{84B3A983-6003-4D68-9924-CBB117E84171}.Release|iPhoneSimulator.ActiveCfg = Release|Any CPU
		{84B3A983-6003-4D68-9924-CBB117E84171}.Release|iPhoneSimulator.Build.0 = Release|Any CPU
		{F40D6197-CC47-40E6-93A6-DD5677BBD3E6}.Ad-Hoc|Any CPU.ActiveCfg = Debug|Any CPU
		{F40D6197-CC47-40E6-93A6-DD5677BBD3E6}.Ad-Hoc|Any CPU.Build.0 = Debug|Any CPU
		{F40D6197-CC47-40E6-93A6-DD5677BBD3E6}.Ad-Hoc|iPhone.ActiveCfg = Debug|Any CPU
		{F40D6197-CC47-40E6-93A6-DD5677BBD3E6}.Ad-Hoc|iPhone.Build.0 = Debug|Any CPU
		{F40D6197-CC47-40E6-93A6-DD5677BBD3E6}.Ad-Hoc|iPhoneSimulator.ActiveCfg = Debug|Any CPU
		{F40D6197-CC47-40E6-93A6-DD5677BBD3E6}.Ad-Hoc|iPhoneSimulator.Build.0 = Debug|Any CPU
		{F40D6197-CC47-40E6-93A6-DD5677BBD3E6}.AppStore|Any CPU.ActiveCfg = Debug|Any CPU
		{F40D6197-CC47-40E6-93A6-DD5677BBD3E6}.AppStore|Any CPU.Build.0 = Debug|Any CPU
		{F40D6197-CC47-40E6-93A6-DD5677BBD3E6}.AppStore|iPhone.ActiveCfg = Debug|Any CPU
		{F40D6197-CC47-40E6-93A6-DD5677BBD3E6}.AppStore|iPhone.Build.0 = Debug|Any CPU
		{F40D6197-CC47-40E6-93A6-DD5677BBD3E6}.AppStore|iPhoneSimulator.ActiveCfg = Debug|Any CPU
		{F40D6197-CC47-40E6-93A6-DD5677BBD3E6}.AppStore|iPhoneSimulator.Build.0 = Debug|Any CPU
		{F40D6197-CC47-40E6-93A6-DD5677BBD3E6}.Debug|Any CPU.ActiveCfg = Debug|Any CPU
		{F40D6197-CC47-40E6-93A6-DD5677BBD3E6}.Debug|Any CPU.Build.0 = Debug|Any CPU
		{F40D6197-CC47-40E6-93A6-DD5677BBD3E6}.Debug|iPhone.ActiveCfg = Debug|Any CPU
		{F40D6197-CC47-40E6-93A6-DD5677BBD3E6}.Debug|iPhone.Build.0 = Debug|Any CPU
		{F40D6197-CC47-40E6-93A6-DD5677BBD3E6}.Debug|iPhoneSimulator.ActiveCfg = Debug|Any CPU
		{F40D6197-CC47-40E6-93A6-DD5677BBD3E6}.Debug|iPhoneSimulator.Build.0 = Debug|Any CPU
		{F40D6197-CC47-40E6-93A6-DD5677BBD3E6}.Release|Any CPU.ActiveCfg = Release|Any CPU
		{F40D6197-CC47-40E6-93A6-DD5677BBD3E6}.Release|Any CPU.Build.0 = Release|Any CPU
		{F40D6197-CC47-40E6-93A6-DD5677BBD3E6}.Release|iPhone.ActiveCfg = Release|Any CPU
		{F40D6197-CC47-40E6-93A6-DD5677BBD3E6}.Release|iPhone.Build.0 = Release|Any CPU
		{F40D6197-CC47-40E6-93A6-DD5677BBD3E6}.Release|iPhoneSimulator.ActiveCfg = Release|Any CPU
		{F40D6197-CC47-40E6-93A6-DD5677BBD3E6}.Release|iPhoneSimulator.Build.0 = Release|Any CPU
		{BC627573-DE96-42B8-A116-6362478D7DA9}.Ad-Hoc|Any CPU.ActiveCfg = Debug|Any CPU
		{BC627573-DE96-42B8-A116-6362478D7DA9}.Ad-Hoc|Any CPU.Build.0 = Debug|Any CPU
		{BC627573-DE96-42B8-A116-6362478D7DA9}.Ad-Hoc|iPhone.ActiveCfg = Debug|Any CPU
		{BC627573-DE96-42B8-A116-6362478D7DA9}.Ad-Hoc|iPhone.Build.0 = Debug|Any CPU
		{BC627573-DE96-42B8-A116-6362478D7DA9}.Ad-Hoc|iPhoneSimulator.ActiveCfg = Debug|Any CPU
		{BC627573-DE96-42B8-A116-6362478D7DA9}.Ad-Hoc|iPhoneSimulator.Build.0 = Debug|Any CPU
		{BC627573-DE96-42B8-A116-6362478D7DA9}.AppStore|Any CPU.ActiveCfg = Debug|Any CPU
		{BC627573-DE96-42B8-A116-6362478D7DA9}.AppStore|Any CPU.Build.0 = Debug|Any CPU
		{BC627573-DE96-42B8-A116-6362478D7DA9}.AppStore|iPhone.ActiveCfg = Debug|Any CPU
		{BC627573-DE96-42B8-A116-6362478D7DA9}.AppStore|iPhone.Build.0 = Debug|Any CPU
		{BC627573-DE96-42B8-A116-6362478D7DA9}.AppStore|iPhoneSimulator.ActiveCfg = Debug|Any CPU
		{BC627573-DE96-42B8-A116-6362478D7DA9}.AppStore|iPhoneSimulator.Build.0 = Debug|Any CPU
		{BC627573-DE96-42B8-A116-6362478D7DA9}.Debug|Any CPU.ActiveCfg = Debug|Any CPU
		{BC627573-DE96-42B8-A116-6362478D7DA9}.Debug|Any CPU.Build.0 = Debug|Any CPU
		{BC627573-DE96-42B8-A116-6362478D7DA9}.Debug|iPhone.ActiveCfg = Debug|Any CPU
		{BC627573-DE96-42B8-A116-6362478D7DA9}.Debug|iPhone.Build.0 = Debug|Any CPU
		{BC627573-DE96-42B8-A116-6362478D7DA9}.Debug|iPhoneSimulator.ActiveCfg = Debug|Any CPU
		{BC627573-DE96-42B8-A116-6362478D7DA9}.Debug|iPhoneSimulator.Build.0 = Debug|Any CPU
		{BC627573-DE96-42B8-A116-6362478D7DA9}.Release|Any CPU.ActiveCfg = Release|Any CPU
		{BC627573-DE96-42B8-A116-6362478D7DA9}.Release|Any CPU.Build.0 = Release|Any CPU
		{BC627573-DE96-42B8-A116-6362478D7DA9}.Release|iPhone.ActiveCfg = Release|Any CPU
		{BC627573-DE96-42B8-A116-6362478D7DA9}.Release|iPhone.Build.0 = Release|Any CPU
		{BC627573-DE96-42B8-A116-6362478D7DA9}.Release|iPhoneSimulator.ActiveCfg = Release|Any CPU
		{BC627573-DE96-42B8-A116-6362478D7DA9}.Release|iPhoneSimulator.Build.0 = Release|Any CPU
		{CFDFA81F-4AF7-492F-9E33-C58CF0E5C617}.Ad-Hoc|Any CPU.ActiveCfg = Debug|Any CPU
		{CFDFA81F-4AF7-492F-9E33-C58CF0E5C617}.Ad-Hoc|Any CPU.Build.0 = Debug|Any CPU
		{CFDFA81F-4AF7-492F-9E33-C58CF0E5C617}.Ad-Hoc|iPhone.ActiveCfg = Debug|Any CPU
		{CFDFA81F-4AF7-492F-9E33-C58CF0E5C617}.Ad-Hoc|iPhone.Build.0 = Debug|Any CPU
		{CFDFA81F-4AF7-492F-9E33-C58CF0E5C617}.Ad-Hoc|iPhoneSimulator.ActiveCfg = Debug|Any CPU
		{CFDFA81F-4AF7-492F-9E33-C58CF0E5C617}.Ad-Hoc|iPhoneSimulator.Build.0 = Debug|Any CPU
		{CFDFA81F-4AF7-492F-9E33-C58CF0E5C617}.AppStore|Any CPU.ActiveCfg = Debug|Any CPU
		{CFDFA81F-4AF7-492F-9E33-C58CF0E5C617}.AppStore|Any CPU.Build.0 = Debug|Any CPU
		{CFDFA81F-4AF7-492F-9E33-C58CF0E5C617}.AppStore|iPhone.ActiveCfg = Debug|Any CPU
		{CFDFA81F-4AF7-492F-9E33-C58CF0E5C617}.AppStore|iPhone.Build.0 = Debug|Any CPU
		{CFDFA81F-4AF7-492F-9E33-C58CF0E5C617}.AppStore|iPhoneSimulator.ActiveCfg = Debug|Any CPU
		{CFDFA81F-4AF7-492F-9E33-C58CF0E5C617}.AppStore|iPhoneSimulator.Build.0 = Debug|Any CPU
		{CFDFA81F-4AF7-492F-9E33-C58CF0E5C617}.Debug|Any CPU.ActiveCfg = Debug|Any CPU
		{CFDFA81F-4AF7-492F-9E33-C58CF0E5C617}.Debug|Any CPU.Build.0 = Debug|Any CPU
		{CFDFA81F-4AF7-492F-9E33-C58CF0E5C617}.Debug|iPhone.ActiveCfg = Debug|Any CPU
		{CFDFA81F-4AF7-492F-9E33-C58CF0E5C617}.Debug|iPhone.Build.0 = Debug|Any CPU
		{CFDFA81F-4AF7-492F-9E33-C58CF0E5C617}.Debug|iPhoneSimulator.ActiveCfg = Debug|Any CPU
		{CFDFA81F-4AF7-492F-9E33-C58CF0E5C617}.Debug|iPhoneSimulator.Build.0 = Debug|Any CPU
		{CFDFA81F-4AF7-492F-9E33-C58CF0E5C617}.Release|Any CPU.ActiveCfg = Release|Any CPU
		{CFDFA81F-4AF7-492F-9E33-C58CF0E5C617}.Release|Any CPU.Build.0 = Release|Any CPU
		{CFDFA81F-4AF7-492F-9E33-C58CF0E5C617}.Release|iPhone.ActiveCfg = Release|Any CPU
		{CFDFA81F-4AF7-492F-9E33-C58CF0E5C617}.Release|iPhone.Build.0 = Release|Any CPU
		{CFDFA81F-4AF7-492F-9E33-C58CF0E5C617}.Release|iPhoneSimulator.ActiveCfg = Release|Any CPU
		{CFDFA81F-4AF7-492F-9E33-C58CF0E5C617}.Release|iPhoneSimulator.Build.0 = Release|Any CPU
		{836F6924-1855-494E-ACDE-3D4113DDF434}.Ad-Hoc|Any CPU.ActiveCfg = Debug|Any CPU
		{836F6924-1855-494E-ACDE-3D4113DDF434}.Ad-Hoc|Any CPU.Build.0 = Debug|Any CPU
		{836F6924-1855-494E-ACDE-3D4113DDF434}.Ad-Hoc|iPhone.ActiveCfg = Debug|Any CPU
		{836F6924-1855-494E-ACDE-3D4113DDF434}.Ad-Hoc|iPhone.Build.0 = Debug|Any CPU
		{836F6924-1855-494E-ACDE-3D4113DDF434}.Ad-Hoc|iPhoneSimulator.ActiveCfg = Debug|Any CPU
		{836F6924-1855-494E-ACDE-3D4113DDF434}.Ad-Hoc|iPhoneSimulator.Build.0 = Debug|Any CPU
		{836F6924-1855-494E-ACDE-3D4113DDF434}.AppStore|Any CPU.ActiveCfg = Debug|Any CPU
		{836F6924-1855-494E-ACDE-3D4113DDF434}.AppStore|Any CPU.Build.0 = Debug|Any CPU
		{836F6924-1855-494E-ACDE-3D4113DDF434}.AppStore|iPhone.ActiveCfg = Debug|Any CPU
		{836F6924-1855-494E-ACDE-3D4113DDF434}.AppStore|iPhone.Build.0 = Debug|Any CPU
		{836F6924-1855-494E-ACDE-3D4113DDF434}.AppStore|iPhoneSimulator.ActiveCfg = Debug|Any CPU
		{836F6924-1855-494E-ACDE-3D4113DDF434}.AppStore|iPhoneSimulator.Build.0 = Debug|Any CPU
		{836F6924-1855-494E-ACDE-3D4113DDF434}.Debug|Any CPU.ActiveCfg = Debug|Any CPU
		{836F6924-1855-494E-ACDE-3D4113DDF434}.Debug|Any CPU.Build.0 = Debug|Any CPU
		{836F6924-1855-494E-ACDE-3D4113DDF434}.Debug|iPhone.ActiveCfg = Debug|Any CPU
		{836F6924-1855-494E-ACDE-3D4113DDF434}.Debug|iPhone.Build.0 = Debug|Any CPU
		{836F6924-1855-494E-ACDE-3D4113DDF434}.Debug|iPhoneSimulator.ActiveCfg = Debug|Any CPU
		{836F6924-1855-494E-ACDE-3D4113DDF434}.Debug|iPhoneSimulator.Build.0 = Debug|Any CPU
		{836F6924-1855-494E-ACDE-3D4113DDF434}.Release|Any CPU.ActiveCfg = Release|Any CPU
		{836F6924-1855-494E-ACDE-3D4113DDF434}.Release|Any CPU.Build.0 = Release|Any CPU
		{836F6924-1855-494E-ACDE-3D4113DDF434}.Release|iPhone.ActiveCfg = Release|Any CPU
		{836F6924-1855-494E-ACDE-3D4113DDF434}.Release|iPhone.Build.0 = Release|Any CPU
		{836F6924-1855-494E-ACDE-3D4113DDF434}.Release|iPhoneSimulator.ActiveCfg = Release|Any CPU
		{836F6924-1855-494E-ACDE-3D4113DDF434}.Release|iPhoneSimulator.Build.0 = Release|Any CPU
		{D0E66F4A-EF02-4ED1-8B26-E47C7D24F890}.Ad-Hoc|Any CPU.ActiveCfg = Debug|Any CPU
		{D0E66F4A-EF02-4ED1-8B26-E47C7D24F890}.Ad-Hoc|Any CPU.Build.0 = Debug|Any CPU
		{D0E66F4A-EF02-4ED1-8B26-E47C7D24F890}.Ad-Hoc|iPhone.ActiveCfg = Debug|Any CPU
		{D0E66F4A-EF02-4ED1-8B26-E47C7D24F890}.Ad-Hoc|iPhone.Build.0 = Debug|Any CPU
		{D0E66F4A-EF02-4ED1-8B26-E47C7D24F890}.Ad-Hoc|iPhoneSimulator.ActiveCfg = Debug|Any CPU
		{D0E66F4A-EF02-4ED1-8B26-E47C7D24F890}.Ad-Hoc|iPhoneSimulator.Build.0 = Debug|Any CPU
		{D0E66F4A-EF02-4ED1-8B26-E47C7D24F890}.AppStore|Any CPU.ActiveCfg = Debug|Any CPU
		{D0E66F4A-EF02-4ED1-8B26-E47C7D24F890}.AppStore|Any CPU.Build.0 = Debug|Any CPU
		{D0E66F4A-EF02-4ED1-8B26-E47C7D24F890}.AppStore|iPhone.ActiveCfg = Debug|Any CPU
		{D0E66F4A-EF02-4ED1-8B26-E47C7D24F890}.AppStore|iPhone.Build.0 = Debug|Any CPU
		{D0E66F4A-EF02-4ED1-8B26-E47C7D24F890}.AppStore|iPhoneSimulator.ActiveCfg = Debug|Any CPU
		{D0E66F4A-EF02-4ED1-8B26-E47C7D24F890}.AppStore|iPhoneSimulator.Build.0 = Debug|Any CPU
		{D0E66F4A-EF02-4ED1-8B26-E47C7D24F890}.Debug|Any CPU.ActiveCfg = Debug|Any CPU
		{D0E66F4A-EF02-4ED1-8B26-E47C7D24F890}.Debug|Any CPU.Build.0 = Debug|Any CPU
		{D0E66F4A-EF02-4ED1-8B26-E47C7D24F890}.Debug|iPhone.ActiveCfg = Debug|Any CPU
		{D0E66F4A-EF02-4ED1-8B26-E47C7D24F890}.Debug|iPhone.Build.0 = Debug|Any CPU
		{D0E66F4A-EF02-4ED1-8B26-E47C7D24F890}.Debug|iPhoneSimulator.ActiveCfg = Debug|Any CPU
		{D0E66F4A-EF02-4ED1-8B26-E47C7D24F890}.Debug|iPhoneSimulator.Build.0 = Debug|Any CPU
		{D0E66F4A-EF02-4ED1-8B26-E47C7D24F890}.Release|Any CPU.ActiveCfg = Release|Any CPU
		{D0E66F4A-EF02-4ED1-8B26-E47C7D24F890}.Release|Any CPU.Build.0 = Release|Any CPU
		{D0E66F4A-EF02-4ED1-8B26-E47C7D24F890}.Release|iPhone.ActiveCfg = Release|Any CPU
		{D0E66F4A-EF02-4ED1-8B26-E47C7D24F890}.Release|iPhone.Build.0 = Release|Any CPU
		{D0E66F4A-EF02-4ED1-8B26-E47C7D24F890}.Release|iPhoneSimulator.ActiveCfg = Release|Any CPU
		{D0E66F4A-EF02-4ED1-8B26-E47C7D24F890}.Release|iPhoneSimulator.Build.0 = Release|Any CPU
		{FC9963F8-D7F2-4B4E-87E5-20E49CFD82E7}.Ad-Hoc|Any CPU.ActiveCfg = Debug|Any CPU
		{FC9963F8-D7F2-4B4E-87E5-20E49CFD82E7}.Ad-Hoc|Any CPU.Build.0 = Debug|Any CPU
		{FC9963F8-D7F2-4B4E-87E5-20E49CFD82E7}.Ad-Hoc|iPhone.ActiveCfg = Debug|Any CPU
		{FC9963F8-D7F2-4B4E-87E5-20E49CFD82E7}.Ad-Hoc|iPhone.Build.0 = Debug|Any CPU
		{FC9963F8-D7F2-4B4E-87E5-20E49CFD82E7}.Ad-Hoc|iPhoneSimulator.ActiveCfg = Debug|Any CPU
		{FC9963F8-D7F2-4B4E-87E5-20E49CFD82E7}.Ad-Hoc|iPhoneSimulator.Build.0 = Debug|Any CPU
		{FC9963F8-D7F2-4B4E-87E5-20E49CFD82E7}.AppStore|Any CPU.ActiveCfg = Debug|Any CPU
		{FC9963F8-D7F2-4B4E-87E5-20E49CFD82E7}.AppStore|Any CPU.Build.0 = Debug|Any CPU
		{FC9963F8-D7F2-4B4E-87E5-20E49CFD82E7}.AppStore|iPhone.ActiveCfg = Debug|Any CPU
		{FC9963F8-D7F2-4B4E-87E5-20E49CFD82E7}.AppStore|iPhone.Build.0 = Debug|Any CPU
		{FC9963F8-D7F2-4B4E-87E5-20E49CFD82E7}.AppStore|iPhoneSimulator.ActiveCfg = Debug|Any CPU
		{FC9963F8-D7F2-4B4E-87E5-20E49CFD82E7}.AppStore|iPhoneSimulator.Build.0 = Debug|Any CPU
		{FC9963F8-D7F2-4B4E-87E5-20E49CFD82E7}.Debug|Any CPU.ActiveCfg = Debug|Any CPU
		{FC9963F8-D7F2-4B4E-87E5-20E49CFD82E7}.Debug|Any CPU.Build.0 = Debug|Any CPU
		{FC9963F8-D7F2-4B4E-87E5-20E49CFD82E7}.Debug|iPhone.ActiveCfg = Debug|Any CPU
		{FC9963F8-D7F2-4B4E-87E5-20E49CFD82E7}.Debug|iPhone.Build.0 = Debug|Any CPU
		{FC9963F8-D7F2-4B4E-87E5-20E49CFD82E7}.Debug|iPhoneSimulator.ActiveCfg = Debug|Any CPU
		{FC9963F8-D7F2-4B4E-87E5-20E49CFD82E7}.Debug|iPhoneSimulator.Build.0 = Debug|Any CPU
		{FC9963F8-D7F2-4B4E-87E5-20E49CFD82E7}.Release|Any CPU.ActiveCfg = Release|Any CPU
		{FC9963F8-D7F2-4B4E-87E5-20E49CFD82E7}.Release|Any CPU.Build.0 = Release|Any CPU
		{FC9963F8-D7F2-4B4E-87E5-20E49CFD82E7}.Release|iPhone.ActiveCfg = Release|Any CPU
		{FC9963F8-D7F2-4B4E-87E5-20E49CFD82E7}.Release|iPhone.Build.0 = Release|Any CPU
		{FC9963F8-D7F2-4B4E-87E5-20E49CFD82E7}.Release|iPhoneSimulator.ActiveCfg = Release|Any CPU
		{FC9963F8-D7F2-4B4E-87E5-20E49CFD82E7}.Release|iPhoneSimulator.Build.0 = Release|Any CPU
		{9763E368-789A-42E0-94A4-D16F871DA3CB}.Ad-Hoc|Any CPU.ActiveCfg = Debug|Any CPU
		{9763E368-789A-42E0-94A4-D16F871DA3CB}.Ad-Hoc|Any CPU.Build.0 = Debug|Any CPU
		{9763E368-789A-42E0-94A4-D16F871DA3CB}.Ad-Hoc|iPhone.ActiveCfg = Debug|Any CPU
		{9763E368-789A-42E0-94A4-D16F871DA3CB}.Ad-Hoc|iPhone.Build.0 = Debug|Any CPU
		{9763E368-789A-42E0-94A4-D16F871DA3CB}.Ad-Hoc|iPhoneSimulator.ActiveCfg = Debug|Any CPU
		{9763E368-789A-42E0-94A4-D16F871DA3CB}.Ad-Hoc|iPhoneSimulator.Build.0 = Debug|Any CPU
		{9763E368-789A-42E0-94A4-D16F871DA3CB}.AppStore|Any CPU.ActiveCfg = Debug|Any CPU
		{9763E368-789A-42E0-94A4-D16F871DA3CB}.AppStore|Any CPU.Build.0 = Debug|Any CPU
		{9763E368-789A-42E0-94A4-D16F871DA3CB}.AppStore|iPhone.ActiveCfg = Debug|Any CPU
		{9763E368-789A-42E0-94A4-D16F871DA3CB}.AppStore|iPhone.Build.0 = Debug|Any CPU
		{9763E368-789A-42E0-94A4-D16F871DA3CB}.AppStore|iPhoneSimulator.ActiveCfg = Debug|Any CPU
		{9763E368-789A-42E0-94A4-D16F871DA3CB}.AppStore|iPhoneSimulator.Build.0 = Debug|Any CPU
		{9763E368-789A-42E0-94A4-D16F871DA3CB}.Debug|Any CPU.ActiveCfg = Debug|Any CPU
		{9763E368-789A-42E0-94A4-D16F871DA3CB}.Debug|Any CPU.Build.0 = Debug|Any CPU
		{9763E368-789A-42E0-94A4-D16F871DA3CB}.Debug|iPhone.ActiveCfg = Debug|Any CPU
		{9763E368-789A-42E0-94A4-D16F871DA3CB}.Debug|iPhone.Build.0 = Debug|Any CPU
		{9763E368-789A-42E0-94A4-D16F871DA3CB}.Debug|iPhoneSimulator.ActiveCfg = Debug|Any CPU
		{9763E368-789A-42E0-94A4-D16F871DA3CB}.Debug|iPhoneSimulator.Build.0 = Debug|Any CPU
		{9763E368-789A-42E0-94A4-D16F871DA3CB}.Release|Any CPU.ActiveCfg = Release|Any CPU
		{9763E368-789A-42E0-94A4-D16F871DA3CB}.Release|Any CPU.Build.0 = Release|Any CPU
		{9763E368-789A-42E0-94A4-D16F871DA3CB}.Release|iPhone.ActiveCfg = Release|Any CPU
		{9763E368-789A-42E0-94A4-D16F871DA3CB}.Release|iPhone.Build.0 = Release|Any CPU
		{9763E368-789A-42E0-94A4-D16F871DA3CB}.Release|iPhoneSimulator.ActiveCfg = Release|Any CPU
		{9763E368-789A-42E0-94A4-D16F871DA3CB}.Release|iPhoneSimulator.Build.0 = Release|Any CPU
		{29C116AF-1572-4BB9-AB2C-65309DB9DADA}.Ad-Hoc|Any CPU.ActiveCfg = Debug|Any CPU
		{29C116AF-1572-4BB9-AB2C-65309DB9DADA}.Ad-Hoc|Any CPU.Build.0 = Debug|Any CPU
		{29C116AF-1572-4BB9-AB2C-65309DB9DADA}.Ad-Hoc|iPhone.ActiveCfg = Debug|Any CPU
		{29C116AF-1572-4BB9-AB2C-65309DB9DADA}.Ad-Hoc|iPhone.Build.0 = Debug|Any CPU
		{29C116AF-1572-4BB9-AB2C-65309DB9DADA}.Ad-Hoc|iPhoneSimulator.ActiveCfg = Debug|Any CPU
		{29C116AF-1572-4BB9-AB2C-65309DB9DADA}.Ad-Hoc|iPhoneSimulator.Build.0 = Debug|Any CPU
		{29C116AF-1572-4BB9-AB2C-65309DB9DADA}.AppStore|Any CPU.ActiveCfg = Debug|Any CPU
		{29C116AF-1572-4BB9-AB2C-65309DB9DADA}.AppStore|Any CPU.Build.0 = Debug|Any CPU
		{29C116AF-1572-4BB9-AB2C-65309DB9DADA}.AppStore|iPhone.ActiveCfg = Debug|Any CPU
		{29C116AF-1572-4BB9-AB2C-65309DB9DADA}.AppStore|iPhone.Build.0 = Debug|Any CPU
		{29C116AF-1572-4BB9-AB2C-65309DB9DADA}.AppStore|iPhoneSimulator.ActiveCfg = Debug|Any CPU
		{29C116AF-1572-4BB9-AB2C-65309DB9DADA}.AppStore|iPhoneSimulator.Build.0 = Debug|Any CPU
		{29C116AF-1572-4BB9-AB2C-65309DB9DADA}.Debug|Any CPU.ActiveCfg = Debug|Any CPU
		{29C116AF-1572-4BB9-AB2C-65309DB9DADA}.Debug|Any CPU.Build.0 = Debug|Any CPU
		{29C116AF-1572-4BB9-AB2C-65309DB9DADA}.Debug|iPhone.ActiveCfg = Debug|Any CPU
		{29C116AF-1572-4BB9-AB2C-65309DB9DADA}.Debug|iPhone.Build.0 = Debug|Any CPU
		{29C116AF-1572-4BB9-AB2C-65309DB9DADA}.Debug|iPhoneSimulator.ActiveCfg = Debug|Any CPU
		{29C116AF-1572-4BB9-AB2C-65309DB9DADA}.Debug|iPhoneSimulator.Build.0 = Debug|Any CPU
		{29C116AF-1572-4BB9-AB2C-65309DB9DADA}.Release|Any CPU.ActiveCfg = Release|Any CPU
		{29C116AF-1572-4BB9-AB2C-65309DB9DADA}.Release|Any CPU.Build.0 = Release|Any CPU
		{29C116AF-1572-4BB9-AB2C-65309DB9DADA}.Release|iPhone.ActiveCfg = Release|Any CPU
		{29C116AF-1572-4BB9-AB2C-65309DB9DADA}.Release|iPhone.Build.0 = Release|Any CPU
		{29C116AF-1572-4BB9-AB2C-65309DB9DADA}.Release|iPhoneSimulator.ActiveCfg = Release|Any CPU
		{29C116AF-1572-4BB9-AB2C-65309DB9DADA}.Release|iPhoneSimulator.Build.0 = Release|Any CPU
		{0D7B5BF2-1495-4EAD-A296-F27ECED0F536}.Ad-Hoc|Any CPU.ActiveCfg = Debug|Any CPU
		{0D7B5BF2-1495-4EAD-A296-F27ECED0F536}.Ad-Hoc|Any CPU.Build.0 = Debug|Any CPU
		{0D7B5BF2-1495-4EAD-A296-F27ECED0F536}.Ad-Hoc|iPhone.ActiveCfg = Debug|Any CPU
		{0D7B5BF2-1495-4EAD-A296-F27ECED0F536}.Ad-Hoc|iPhone.Build.0 = Debug|Any CPU
		{0D7B5BF2-1495-4EAD-A296-F27ECED0F536}.Ad-Hoc|iPhoneSimulator.ActiveCfg = Debug|Any CPU
		{0D7B5BF2-1495-4EAD-A296-F27ECED0F536}.Ad-Hoc|iPhoneSimulator.Build.0 = Debug|Any CPU
		{0D7B5BF2-1495-4EAD-A296-F27ECED0F536}.AppStore|Any CPU.ActiveCfg = Debug|Any CPU
		{0D7B5BF2-1495-4EAD-A296-F27ECED0F536}.AppStore|Any CPU.Build.0 = Debug|Any CPU
		{0D7B5BF2-1495-4EAD-A296-F27ECED0F536}.AppStore|iPhone.ActiveCfg = Debug|Any CPU
		{0D7B5BF2-1495-4EAD-A296-F27ECED0F536}.AppStore|iPhone.Build.0 = Debug|Any CPU
		{0D7B5BF2-1495-4EAD-A296-F27ECED0F536}.AppStore|iPhoneSimulator.ActiveCfg = Debug|Any CPU
		{0D7B5BF2-1495-4EAD-A296-F27ECED0F536}.AppStore|iPhoneSimulator.Build.0 = Debug|Any CPU
		{0D7B5BF2-1495-4EAD-A296-F27ECED0F536}.Debug|Any CPU.ActiveCfg = Debug|Any CPU
		{0D7B5BF2-1495-4EAD-A296-F27ECED0F536}.Debug|Any CPU.Build.0 = Debug|Any CPU
		{0D7B5BF2-1495-4EAD-A296-F27ECED0F536}.Debug|iPhone.ActiveCfg = Debug|Any CPU
		{0D7B5BF2-1495-4EAD-A296-F27ECED0F536}.Debug|iPhone.Build.0 = Debug|Any CPU
		{0D7B5BF2-1495-4EAD-A296-F27ECED0F536}.Debug|iPhoneSimulator.ActiveCfg = Debug|Any CPU
		{0D7B5BF2-1495-4EAD-A296-F27ECED0F536}.Debug|iPhoneSimulator.Build.0 = Debug|Any CPU
		{0D7B5BF2-1495-4EAD-A296-F27ECED0F536}.Release|Any CPU.ActiveCfg = Release|Any CPU
		{0D7B5BF2-1495-4EAD-A296-F27ECED0F536}.Release|Any CPU.Build.0 = Release|Any CPU
		{0D7B5BF2-1495-4EAD-A296-F27ECED0F536}.Release|iPhone.ActiveCfg = Release|Any CPU
		{0D7B5BF2-1495-4EAD-A296-F27ECED0F536}.Release|iPhone.Build.0 = Release|Any CPU
		{0D7B5BF2-1495-4EAD-A296-F27ECED0F536}.Release|iPhoneSimulator.ActiveCfg = Release|Any CPU
		{0D7B5BF2-1495-4EAD-A296-F27ECED0F536}.Release|iPhoneSimulator.Build.0 = Release|Any CPU
	EndGlobalSection
	GlobalSection(SolutionProperties) = preSolution
		HideSolutionNode = FALSE
	EndGlobalSection
	GlobalSection(NestedProjects) = preSolution
		{CEE973D5-3804-40BF-89DC-F3E48DA3FFFC} = {390E3448-9B3A-43BB-923D-C9C1D881EC31}
		{A0372765-88F6-4A19-92CC-28A99F5BA595} = {390E3448-9B3A-43BB-923D-C9C1D881EC31}
		{90967AAF-8D70-4D93-A440-404CD26DEF13} = {8442F88C-BC35-4DFA-8E34-BC8339FF3060}
		{19C7F70A-9DAA-48B6-A2A8-5E148CD1D3EF} = {4BC389D6-1925-4456-9C5A-1EA82A45A470}
		{F45E225F-FD9F-4187-89C3-DA59E4367843} = {8442F88C-BC35-4DFA-8E34-BC8339FF3060}
		{5335FE49-6C25-4FE4-8099-46165F35EFFE} = {8709075B-9984-4430-B262-37C1EE9CF291}
		{99EC1CFC-276B-4CD4-B144-F8F464D97CAC} = {8709075B-9984-4430-B262-37C1EE9CF291}
		{4F831BEA-4988-4101-A097-F70651A87D32} = {3CB5D019-AC72-4C4F-91FC-E1E34071AC21}
		{B7A55646-BEE7-43B5-8690-4E7F5CCB4205} = {8BE08E03-381C-4884-B74B-41AF4F891A1F}
		{547B6531-5439-4BDF-B3EE-9660BD02786D} = {4BC389D6-1925-4456-9C5A-1EA82A45A470}
		{AF1F3ED4-B005-43DA-AEE6-C028EE34D643} = {8442F88C-BC35-4DFA-8E34-BC8339FF3060}
		{C744BCA2-92AF-4FC1-A805-87547217E9C4} = {8442F88C-BC35-4DFA-8E34-BC8339FF3060}
		{9288B046-ED19-463D-BAEF-DDEA15180A99} = {390E3448-9B3A-43BB-923D-C9C1D881EC31}
		{1C31B15A-5789-4FA3-9CF6-28EF4EB5D18D} = {9288B046-ED19-463D-BAEF-DDEA15180A99}
		{0D2A1BAC-34B6-4DA6-A77C-DFB956C7C23A} = {9288B046-ED19-463D-BAEF-DDEA15180A99}
		{35ADD251-5A38-48B1-9C87-9E3F2B97B8B5} = {9288B046-ED19-463D-BAEF-DDEA15180A99}
		{9C247926-2D2B-446D-8338-9DB15331F775} = {8BE08E03-381C-4884-B74B-41AF4F891A1F}
		{48FFD3CB-990A-4C3C-8826-B510445351E4} = {8BE08E03-381C-4884-B74B-41AF4F891A1F}
		{457A8CC9-D325-46FF-BAB3-79253D14F7CC} = {9288B046-ED19-463D-BAEF-DDEA15180A99}
		{7019053E-F940-47C1-BF25-7E7E78B340E0} = {8BE08E03-381C-4884-B74B-41AF4F891A1F}
		{266AC3A5-3644-45EB-86DE-45A55804E57C} = {390E3448-9B3A-43BB-923D-C9C1D881EC31}
		{D066CDA2-440B-4C1F-BCC4-2479242ED356} = {266AC3A5-3644-45EB-86DE-45A55804E57C}
		{84B3A983-6003-4D68-9924-CBB117E84171} = {266AC3A5-3644-45EB-86DE-45A55804E57C}
		{F40D6197-CC47-40E6-93A6-DD5677BBD3E6} = {8709075B-9984-4430-B262-37C1EE9CF291}
		{BC627573-DE96-42B8-A116-6362478D7DA9} = {8709075B-9984-4430-B262-37C1EE9CF291}
		{CFDFA81F-4AF7-492F-9E33-C58CF0E5C617} = {8709075B-9984-4430-B262-37C1EE9CF291}
		{836F6924-1855-494E-ACDE-3D4113DDF434} = {8709075B-9984-4430-B262-37C1EE9CF291}
		{D0E66F4A-EF02-4ED1-8B26-E47C7D24F890} = {3CB5D019-AC72-4C4F-91FC-E1E34071AC21}
		{FC9963F8-D7F2-4B4E-87E5-20E49CFD82E7} = {3CB5D019-AC72-4C4F-91FC-E1E34071AC21}
		{9763E368-789A-42E0-94A4-D16F871DA3CB} = {8709075B-9984-4430-B262-37C1EE9CF291}
		{29C116AF-1572-4BB9-AB2C-65309DB9DADA} = {4BC389D6-1925-4456-9C5A-1EA82A45A470}
		{0D7B5BF2-1495-4EAD-A296-F27ECED0F536} = {4BC389D6-1925-4456-9C5A-1EA82A45A470}
	EndGlobalSection
	GlobalSection(ExtensibilityGlobals) = postSolution
		SolutionGuid = {E14AA1CE-DF4D-4A22-A76B-5F4BADFA26B2}
	EndGlobalSection
EndGlobal
